// !$*UTF8*$!
{
	archiveVersion = 1;
	classes = {
	};
	objectVersion = 46;
	objects = {

/* Begin PBXBuildFile section */
		55E5DD681293329E00E36302 /* archive_check_magic.c in Sources */ = {isa = PBXBuildFile; fileRef = 55E5DD161293329E00E36302 /* archive_check_magic.c */; };
		55E5DD691293329E00E36302 /* archive_crc32.h in Headers */ = {isa = PBXBuildFile; fileRef = 55E5DD171293329E00E36302 /* archive_crc32.h */; };
		55E5DD6A1293329E00E36302 /* archive_endian.h in Headers */ = {isa = PBXBuildFile; fileRef = 55E5DD181293329E00E36302 /* archive_endian.h */; };
		55E5DD6B1293329E00E36302 /* archive_entry_copy_bhfi.c in Sources */ = {isa = PBXBuildFile; fileRef = 55E5DD191293329E00E36302 /* archive_entry_copy_bhfi.c */; };
		55E5DD6C1293329E00E36302 /* archive_entry_copy_stat.c in Sources */ = {isa = PBXBuildFile; fileRef = 55E5DD1A1293329E00E36302 /* archive_entry_copy_stat.c */; };
		55E5DD6D1293329E00E36302 /* archive_entry_link_resolver.c in Sources */ = {isa = PBXBuildFile; fileRef = 55E5DD1B1293329E00E36302 /* archive_entry_link_resolver.c */; };
		55E5DD6E1293329E00E36302 /* archive_entry_private.h in Headers */ = {isa = PBXBuildFile; fileRef = 55E5DD1C1293329E00E36302 /* archive_entry_private.h */; };
		55E5DD6F1293329E00E36302 /* archive_entry_stat.c in Sources */ = {isa = PBXBuildFile; fileRef = 55E5DD1D1293329E00E36302 /* archive_entry_stat.c */; };
		55E5DD701293329E00E36302 /* archive_entry_strmode.c in Sources */ = {isa = PBXBuildFile; fileRef = 55E5DD1E1293329E00E36302 /* archive_entry_strmode.c */; };
		55E5DD711293329E00E36302 /* archive_entry_xattr.c in Sources */ = {isa = PBXBuildFile; fileRef = 55E5DD1F1293329E00E36302 /* archive_entry_xattr.c */; };
		55E5DD721293329E00E36302 /* archive_entry.c in Sources */ = {isa = PBXBuildFile; fileRef = 55E5DD201293329E00E36302 /* archive_entry.c */; };
		55E5DD731293329E00E36302 /* archive_entry.h in Headers */ = {isa = PBXBuildFile; fileRef = 55E5DD211293329E00E36302 /* archive_entry.h */; };
		55E5DD741293329E00E36302 /* archive_hash.h in Headers */ = {isa = PBXBuildFile; fileRef = 55E5DD221293329E00E36302 /* archive_hash.h */; };
		55E5DD751293329E00E36302 /* archive_platform.h in Headers */ = {isa = PBXBuildFile; fileRef = 55E5DD231293329E00E36302 /* archive_platform.h */; };
		55E5DD761293329E00E36302 /* archive_private.h in Headers */ = {isa = PBXBuildFile; fileRef = 55E5DD241293329E00E36302 /* archive_private.h */; };
		55E5DD771293329E00E36302 /* archive_read_data_into_fd.c in Sources */ = {isa = PBXBuildFile; fileRef = 55E5DD251293329E00E36302 /* archive_read_data_into_fd.c */; };
		55E5DD781293329E00E36302 /* archive_read_disk_entry_from_file.c in Sources */ = {isa = PBXBuildFile; fileRef = 55E5DD261293329E00E36302 /* archive_read_disk_entry_from_file.c */; };
		55E5DD791293329E00E36302 /* archive_read_disk_private.h in Headers */ = {isa = PBXBuildFile; fileRef = 55E5DD271293329E00E36302 /* archive_read_disk_private.h */; };
		55E5DD7A1293329E00E36302 /* archive_read_disk_set_standard_lookup.c in Sources */ = {isa = PBXBuildFile; fileRef = 55E5DD281293329E00E36302 /* archive_read_disk_set_standard_lookup.c */; };
		55E5DD7B1293329E00E36302 /* archive_read_disk.c in Sources */ = {isa = PBXBuildFile; fileRef = 55E5DD291293329E00E36302 /* archive_read_disk.c */; };
		55E5DD7C1293329E00E36302 /* archive_read_extract.c in Sources */ = {isa = PBXBuildFile; fileRef = 55E5DD2A1293329E00E36302 /* archive_read_extract.c */; };
		55E5DD7D1293329E00E36302 /* archive_read_open_fd.c in Sources */ = {isa = PBXBuildFile; fileRef = 55E5DD2B1293329E00E36302 /* archive_read_open_fd.c */; };
		55E5DD7E1293329E00E36302 /* archive_read_open_file.c in Sources */ = {isa = PBXBuildFile; fileRef = 55E5DD2C1293329E00E36302 /* archive_read_open_file.c */; };
		55E5DD7F1293329E00E36302 /* archive_read_open_filename.c in Sources */ = {isa = PBXBuildFile; fileRef = 55E5DD2D1293329E00E36302 /* archive_read_open_filename.c */; };
		55E5DD801293329E00E36302 /* archive_read_open_memory.c in Sources */ = {isa = PBXBuildFile; fileRef = 55E5DD2E1293329E00E36302 /* archive_read_open_memory.c */; };
		55E5DD811293329E00E36302 /* archive_read_private.h in Headers */ = {isa = PBXBuildFile; fileRef = 55E5DD2F1293329E00E36302 /* archive_read_private.h */; };
		55E5DD821293329E00E36302 /* archive_read_support_compression_all.c in Sources */ = {isa = PBXBuildFile; fileRef = 55E5DD301293329E00E36302 /* archive_read_support_compression_all.c */; };
		55E5DD831293329E00E36302 /* archive_read_support_compression_bzip2.c in Sources */ = {isa = PBXBuildFile; fileRef = 55E5DD311293329E00E36302 /* archive_read_support_compression_bzip2.c */; };
		55E5DD841293329E00E36302 /* archive_read_support_compression_compress.c in Sources */ = {isa = PBXBuildFile; fileRef = 55E5DD321293329E00E36302 /* archive_read_support_compression_compress.c */; };
		55E5DD851293329E00E36302 /* archive_read_support_compression_gzip.c in Sources */ = {isa = PBXBuildFile; fileRef = 55E5DD331293329E00E36302 /* archive_read_support_compression_gzip.c */; };
		55E5DD861293329E00E36302 /* archive_read_support_compression_none.c in Sources */ = {isa = PBXBuildFile; fileRef = 55E5DD341293329E00E36302 /* archive_read_support_compression_none.c */; };
		55E5DD871293329E00E36302 /* archive_read_support_compression_program.c in Sources */ = {isa = PBXBuildFile; fileRef = 55E5DD351293329E00E36302 /* archive_read_support_compression_program.c */; };
		55E5DD881293329E00E36302 /* archive_read_support_compression_rpm.c in Sources */ = {isa = PBXBuildFile; fileRef = 55E5DD361293329E00E36302 /* archive_read_support_compression_rpm.c */; };
		55E5DD891293329E00E36302 /* archive_read_support_compression_uu.c in Sources */ = {isa = PBXBuildFile; fileRef = 55E5DD371293329E00E36302 /* archive_read_support_compression_uu.c */; };
		55E5DD8A1293329E00E36302 /* archive_read_support_compression_xz.c in Sources */ = {isa = PBXBuildFile; fileRef = 55E5DD381293329E00E36302 /* archive_read_support_compression_xz.c */; };
		55E5DD8B1293329E00E36302 /* archive_read_support_format_all.c in Sources */ = {isa = PBXBuildFile; fileRef = 55E5DD391293329E00E36302 /* archive_read_support_format_all.c */; };
		55E5DD8C1293329E00E36302 /* archive_read_support_format_ar.c in Sources */ = {isa = PBXBuildFile; fileRef = 55E5DD3A1293329E00E36302 /* archive_read_support_format_ar.c */; };
		55E5DD8D1293329E00E36302 /* archive_read_support_format_cpio.c in Sources */ = {isa = PBXBuildFile; fileRef = 55E5DD3B1293329E00E36302 /* archive_read_support_format_cpio.c */; };
		55E5DD8E1293329E00E36302 /* archive_read_support_format_empty.c in Sources */ = {isa = PBXBuildFile; fileRef = 55E5DD3C1293329E00E36302 /* archive_read_support_format_empty.c */; };
		55E5DD8F1293329E00E36302 /* archive_read_support_format_iso9660.c in Sources */ = {isa = PBXBuildFile; fileRef = 55E5DD3D1293329E00E36302 /* archive_read_support_format_iso9660.c */; };
		55E5DD901293329E00E36302 /* archive_read_support_format_mtree.c in Sources */ = {isa = PBXBuildFile; fileRef = 55E5DD3E1293329E00E36302 /* archive_read_support_format_mtree.c */; };
		55E5DD911293329E00E36302 /* archive_read_support_format_raw.c in Sources */ = {isa = PBXBuildFile; fileRef = 55E5DD3F1293329E00E36302 /* archive_read_support_format_raw.c */; };
		55E5DD921293329E00E36302 /* archive_read_support_format_tar.c in Sources */ = {isa = PBXBuildFile; fileRef = 55E5DD401293329E00E36302 /* archive_read_support_format_tar.c */; };
		55E5DD931293329E00E36302 /* archive_read_support_format_xar.c in Sources */ = {isa = PBXBuildFile; fileRef = 55E5DD411293329E00E36302 /* archive_read_support_format_xar.c */; };
		55E5DD941293329E00E36302 /* archive_read_support_format_zip.c in Sources */ = {isa = PBXBuildFile; fileRef = 55E5DD421293329E00E36302 /* archive_read_support_format_zip.c */; };
		55E5DD951293329E00E36302 /* archive_read.c in Sources */ = {isa = PBXBuildFile; fileRef = 55E5DD431293329E00E36302 /* archive_read.c */; };
		55E5DD961293329E00E36302 /* archive_string_sprintf.c in Sources */ = {isa = PBXBuildFile; fileRef = 55E5DD441293329E00E36302 /* archive_string_sprintf.c */; };
		55E5DD971293329E00E36302 /* archive_string.c in Sources */ = {isa = PBXBuildFile; fileRef = 55E5DD451293329E00E36302 /* archive_string.c */; };
		55E5DD981293329E00E36302 /* archive_string.h in Headers */ = {isa = PBXBuildFile; fileRef = 55E5DD461293329E00E36302 /* archive_string.h */; };
		55E5DD991293329E00E36302 /* archive_util.c in Sources */ = {isa = PBXBuildFile; fileRef = 55E5DD471293329E00E36302 /* archive_util.c */; };
		55E5DD9A1293329E00E36302 /* archive_virtual.c in Sources */ = {isa = PBXBuildFile; fileRef = 55E5DD481293329E00E36302 /* archive_virtual.c */; };
		55E5DD9B1293329E00E36302 /* archive_windows.c in Sources */ = {isa = PBXBuildFile; fileRef = 55E5DD491293329E00E36302 /* archive_windows.c */; };
		55E5DD9C1293329E00E36302 /* archive_windows.h in Headers */ = {isa = PBXBuildFile; fileRef = 55E5DD4A1293329E00E36302 /* archive_windows.h */; };
		55E5DD9D1293329E00E36302 /* archive_write_disk_private.h in Headers */ = {isa = PBXBuildFile; fileRef = 55E5DD4B1293329E00E36302 /* archive_write_disk_private.h */; };
		55E5DD9E1293329E00E36302 /* archive_write_disk_set_standard_lookup.c in Sources */ = {isa = PBXBuildFile; fileRef = 55E5DD4C1293329E00E36302 /* archive_write_disk_set_standard_lookup.c */; };
		55E5DD9F1293329E00E36302 /* archive_write_disk.c in Sources */ = {isa = PBXBuildFile; fileRef = 55E5DD4D1293329E00E36302 /* archive_write_disk.c */; };
		55E5DDA01293329E00E36302 /* archive_write_open_fd.c in Sources */ = {isa = PBXBuildFile; fileRef = 55E5DD4E1293329E00E36302 /* archive_write_open_fd.c */; };
		55E5DDA11293329E00E36302 /* archive_write_open_file.c in Sources */ = {isa = PBXBuildFile; fileRef = 55E5DD4F1293329E00E36302 /* archive_write_open_file.c */; };
		55E5DDA21293329E00E36302 /* archive_write_open_filename.c in Sources */ = {isa = PBXBuildFile; fileRef = 55E5DD501293329E00E36302 /* archive_write_open_filename.c */; };
		55E5DDA31293329E00E36302 /* archive_write_open_memory.c in Sources */ = {isa = PBXBuildFile; fileRef = 55E5DD511293329E00E36302 /* archive_write_open_memory.c */; };
		55E5DDA41293329E00E36302 /* archive_write_private.h in Headers */ = {isa = PBXBuildFile; fileRef = 55E5DD521293329E00E36302 /* archive_write_private.h */; };
		55E5DDA51293329E00E36302 /* archive_write_set_compression_bzip2.c in Sources */ = {isa = PBXBuildFile; fileRef = 55E5DD531293329E00E36302 /* archive_write_set_compression_bzip2.c */; };
		55E5DDA61293329E00E36302 /* archive_write_set_compression_compress.c in Sources */ = {isa = PBXBuildFile; fileRef = 55E5DD541293329E00E36302 /* archive_write_set_compression_compress.c */; };
		55E5DDA71293329E00E36302 /* archive_write_set_compression_gzip.c in Sources */ = {isa = PBXBuildFile; fileRef = 55E5DD551293329E00E36302 /* archive_write_set_compression_gzip.c */; };
		55E5DDA81293329E00E36302 /* archive_write_set_compression_none.c in Sources */ = {isa = PBXBuildFile; fileRef = 55E5DD561293329E00E36302 /* archive_write_set_compression_none.c */; };
		55E5DDA91293329E00E36302 /* archive_write_set_compression_program.c in Sources */ = {isa = PBXBuildFile; fileRef = 55E5DD571293329E00E36302 /* archive_write_set_compression_program.c */; };
		55E5DDAA1293329E00E36302 /* archive_write_set_compression_xz.c in Sources */ = {isa = PBXBuildFile; fileRef = 55E5DD581293329E00E36302 /* archive_write_set_compression_xz.c */; };
		55E5DDAB1293329E00E36302 /* archive_write_set_format_ar.c in Sources */ = {isa = PBXBuildFile; fileRef = 55E5DD591293329E00E36302 /* archive_write_set_format_ar.c */; };
		55E5DDAC1293329E00E36302 /* archive_write_set_format_by_name.c in Sources */ = {isa = PBXBuildFile; fileRef = 55E5DD5A1293329E00E36302 /* archive_write_set_format_by_name.c */; };
		55E5DDAD1293329E00E36302 /* archive_write_set_format_cpio_newc.c in Sources */ = {isa = PBXBuildFile; fileRef = 55E5DD5B1293329E00E36302 /* archive_write_set_format_cpio_newc.c */; };
		55E5DDAE1293329E00E36302 /* archive_write_set_format_cpio.c in Sources */ = {isa = PBXBuildFile; fileRef = 55E5DD5C1293329E00E36302 /* archive_write_set_format_cpio.c */; };
		55E5DDAF1293329E00E36302 /* archive_write_set_format_mtree.c in Sources */ = {isa = PBXBuildFile; fileRef = 55E5DD5D1293329E00E36302 /* archive_write_set_format_mtree.c */; };
		55E5DDB01293329E00E36302 /* archive_write_set_format_pax.c in Sources */ = {isa = PBXBuildFile; fileRef = 55E5DD5E1293329E00E36302 /* archive_write_set_format_pax.c */; };
		55E5DDB11293329E00E36302 /* archive_write_set_format_shar.c in Sources */ = {isa = PBXBuildFile; fileRef = 55E5DD5F1293329E00E36302 /* archive_write_set_format_shar.c */; };
		55E5DDB21293329E00E36302 /* archive_write_set_format_ustar.c in Sources */ = {isa = PBXBuildFile; fileRef = 55E5DD601293329E00E36302 /* archive_write_set_format_ustar.c */; };
		55E5DDB31293329E00E36302 /* archive_write_set_format_zip.c in Sources */ = {isa = PBXBuildFile; fileRef = 55E5DD611293329E00E36302 /* archive_write_set_format_zip.c */; };
		55E5DDB41293329E00E36302 /* archive_write_set_format.c in Sources */ = {isa = PBXBuildFile; fileRef = 55E5DD621293329E00E36302 /* archive_write_set_format.c */; };
		55E5DDB51293329E00E36302 /* archive_write.c in Sources */ = {isa = PBXBuildFile; fileRef = 55E5DD631293329E00E36302 /* archive_write.c */; };
		55E5DDB61293329E00E36302 /* archive.h in Headers */ = {isa = PBXBuildFile; fileRef = 55E5DD641293329E00E36302 /* archive.h */; };
		55E5DDB71293329E00E36302 /* config_freebsd.h in Headers */ = {isa = PBXBuildFile; fileRef = 55E5DD651293329E00E36302 /* config_freebsd.h */; };
		55E5DDB81293329E00E36302 /* filter_fork.c in Sources */ = {isa = PBXBuildFile; fileRef = 55E5DD661293329E00E36302 /* filter_fork.c */; };
		55E5DDB91293329E00E36302 /* filter_fork.h in Headers */ = {isa = PBXBuildFile; fileRef = 55E5DD671293329E00E36302 /* filter_fork.h */; };
		55E5DDC9129332EA00E36302 /* blocksort.c in Sources */ = {isa = PBXBuildFile; fileRef = 55E5DDBA129332EA00E36302 /* blocksort.c */; };
		55E5DDCC129332EA00E36302 /* bzlib_private.h in Headers */ = {isa = PBXBuildFile; fileRef = 55E5DDBD129332EA00E36302 /* bzlib_private.h */; };
		55E5DDCD129332EA00E36302 /* bzlib.c in Sources */ = {isa = PBXBuildFile; fileRef = 55E5DDBE129332EA00E36302 /* bzlib.c */; };
		55E5DDCE129332EA00E36302 /* bzlib.h in Headers */ = {isa = PBXBuildFile; fileRef = 55E5DDBF129332EA00E36302 /* bzlib.h */; };
		55E5DDCF129332EA00E36302 /* compress.c in Sources */ = {isa = PBXBuildFile; fileRef = 55E5DDC0129332EA00E36302 /* compress.c */; };
		55E5DDD0129332EA00E36302 /* crctable.c in Sources */ = {isa = PBXBuildFile; fileRef = 55E5DDC1129332EA00E36302 /* crctable.c */; };
		55E5DDD1129332EA00E36302 /* decompress.c in Sources */ = {isa = PBXBuildFile; fileRef = 55E5DDC2129332EA00E36302 /* decompress.c */; };
		55E5DDD3129332EA00E36302 /* huffman.c in Sources */ = {isa = PBXBuildFile; fileRef = 55E5DDC4129332EA00E36302 /* huffman.c */; };
		55E5DDD5129332EA00E36302 /* randtable.c in Sources */ = {isa = PBXBuildFile; fileRef = 55E5DDC6129332EA00E36302 /* randtable.c */; };
		55E5DDDE129333B500E36302 /* libarchive_custom_config.h in Headers */ = {isa = PBXBuildFile; fileRef = 55E5DDDD129333B500E36302 /* libarchive_custom_config.h */; };
		AA747D9F0F9514B9006C5449 /* arc_Prefix.pch in Headers */ = {isa = PBXBuildFile; fileRef = AA747D9E0F9514B9006C5449 /* arc_Prefix.pch */; };
		AACBBE4A0F95108600F1A2B1 /* Foundation.framework in Frameworks */ = {isa = PBXBuildFile; fileRef = AACBBE490F95108600F1A2B1 /* Foundation.framework */; };
		B313FA7A173339AE00968E79 /* arc_Prefix.pch in Headers */ = {isa = PBXBuildFile; fileRef = AA747D9E0F9514B9006C5449 /* arc_Prefix.pch */; };
		B313FA7B173339AE00968E79 /* archive_crc32.h in Headers */ = {isa = PBXBuildFile; fileRef = 55E5DD171293329E00E36302 /* archive_crc32.h */; };
		B313FA7C173339AE00968E79 /* archive_endian.h in Headers */ = {isa = PBXBuildFile; fileRef = 55E5DD181293329E00E36302 /* archive_endian.h */; };
		B313FA7D173339AE00968E79 /* archive_entry_private.h in Headers */ = {isa = PBXBuildFile; fileRef = 55E5DD1C1293329E00E36302 /* archive_entry_private.h */; };
		B313FA7E173339AE00968E79 /* archive_entry.h in Headers */ = {isa = PBXBuildFile; fileRef = 55E5DD211293329E00E36302 /* archive_entry.h */; };
		B313FA7F173339AE00968E79 /* archive_hash.h in Headers */ = {isa = PBXBuildFile; fileRef = 55E5DD221293329E00E36302 /* archive_hash.h */; };
		B313FA80173339AE00968E79 /* archive_platform.h in Headers */ = {isa = PBXBuildFile; fileRef = 55E5DD231293329E00E36302 /* archive_platform.h */; };
		B313FA81173339AE00968E79 /* archive_private.h in Headers */ = {isa = PBXBuildFile; fileRef = 55E5DD241293329E00E36302 /* archive_private.h */; };
		B313FA82173339AE00968E79 /* archive_read_disk_private.h in Headers */ = {isa = PBXBuildFile; fileRef = 55E5DD271293329E00E36302 /* archive_read_disk_private.h */; };
		B313FA83173339AE00968E79 /* archive_read_private.h in Headers */ = {isa = PBXBuildFile; fileRef = 55E5DD2F1293329E00E36302 /* archive_read_private.h */; };
		B313FA84173339AE00968E79 /* archive_string.h in Headers */ = {isa = PBXBuildFile; fileRef = 55E5DD461293329E00E36302 /* archive_string.h */; };
		B313FA85173339AE00968E79 /* archive_windows.h in Headers */ = {isa = PBXBuildFile; fileRef = 55E5DD4A1293329E00E36302 /* archive_windows.h */; };
		B313FA86173339AE00968E79 /* archive_write_disk_private.h in Headers */ = {isa = PBXBuildFile; fileRef = 55E5DD4B1293329E00E36302 /* archive_write_disk_private.h */; };
		B313FA87173339AE00968E79 /* archive_write_private.h in Headers */ = {isa = PBXBuildFile; fileRef = 55E5DD521293329E00E36302 /* archive_write_private.h */; };
		B313FA88173339AE00968E79 /* archive.h in Headers */ = {isa = PBXBuildFile; fileRef = 55E5DD641293329E00E36302 /* archive.h */; };
		B313FA89173339AE00968E79 /* config_freebsd.h in Headers */ = {isa = PBXBuildFile; fileRef = 55E5DD651293329E00E36302 /* config_freebsd.h */; };
		B313FA8A173339AE00968E79 /* filter_fork.h in Headers */ = {isa = PBXBuildFile; fileRef = 55E5DD671293329E00E36302 /* filter_fork.h */; };
		B313FA8B173339AE00968E79 /* bzlib_private.h in Headers */ = {isa = PBXBuildFile; fileRef = 55E5DDBD129332EA00E36302 /* bzlib_private.h */; };
		B313FA8C173339AE00968E79 /* bzlib.h in Headers */ = {isa = PBXBuildFile; fileRef = 55E5DDBF129332EA00E36302 /* bzlib.h */; };
		B313FA8D173339AE00968E79 /* libarchive_custom_config.h in Headers */ = {isa = PBXBuildFile; fileRef = 55E5DDDD129333B500E36302 /* libarchive_custom_config.h */; };
		B313FA8F173339AE00968E79 /* archive_check_magic.c in Sources */ = {isa = PBXBuildFile; fileRef = 55E5DD161293329E00E36302 /* archive_check_magic.c */; };
		B313FA90173339AE00968E79 /* archive_entry_copy_bhfi.c in Sources */ = {isa = PBXBuildFile; fileRef = 55E5DD191293329E00E36302 /* archive_entry_copy_bhfi.c */; };
		B313FA91173339AE00968E79 /* archive_entry_copy_stat.c in Sources */ = {isa = PBXBuildFile; fileRef = 55E5DD1A1293329E00E36302 /* archive_entry_copy_stat.c */; };
		B313FA92173339AE00968E79 /* archive_entry_link_resolver.c in Sources */ = {isa = PBXBuildFile; fileRef = 55E5DD1B1293329E00E36302 /* archive_entry_link_resolver.c */; };
		B313FA93173339AE00968E79 /* archive_entry_stat.c in Sources */ = {isa = PBXBuildFile; fileRef = 55E5DD1D1293329E00E36302 /* archive_entry_stat.c */; };
		B313FA94173339AE00968E79 /* archive_entry_strmode.c in Sources */ = {isa = PBXBuildFile; fileRef = 55E5DD1E1293329E00E36302 /* archive_entry_strmode.c */; };
		B313FA95173339AE00968E79 /* archive_entry_xattr.c in Sources */ = {isa = PBXBuildFile; fileRef = 55E5DD1F1293329E00E36302 /* archive_entry_xattr.c */; };
		B313FA96173339AE00968E79 /* archive_entry.c in Sources */ = {isa = PBXBuildFile; fileRef = 55E5DD201293329E00E36302 /* archive_entry.c */; };
		B313FA97173339AE00968E79 /* archive_read_data_into_fd.c in Sources */ = {isa = PBXBuildFile; fileRef = 55E5DD251293329E00E36302 /* archive_read_data_into_fd.c */; };
		B313FA98173339AE00968E79 /* archive_read_disk_entry_from_file.c in Sources */ = {isa = PBXBuildFile; fileRef = 55E5DD261293329E00E36302 /* archive_read_disk_entry_from_file.c */; };
		B313FA99173339AE00968E79 /* archive_read_disk_set_standard_lookup.c in Sources */ = {isa = PBXBuildFile; fileRef = 55E5DD281293329E00E36302 /* archive_read_disk_set_standard_lookup.c */; };
		B313FA9A173339AE00968E79 /* archive_read_disk.c in Sources */ = {isa = PBXBuildFile; fileRef = 55E5DD291293329E00E36302 /* archive_read_disk.c */; };
		B313FA9B173339AE00968E79 /* archive_read_extract.c in Sources */ = {isa = PBXBuildFile; fileRef = 55E5DD2A1293329E00E36302 /* archive_read_extract.c */; };
		B313FA9C173339AE00968E79 /* archive_read_open_fd.c in Sources */ = {isa = PBXBuildFile; fileRef = 55E5DD2B1293329E00E36302 /* archive_read_open_fd.c */; };
		B313FA9D173339AE00968E79 /* archive_read_open_file.c in Sources */ = {isa = PBXBuildFile; fileRef = 55E5DD2C1293329E00E36302 /* archive_read_open_file.c */; };
		B313FA9E173339AE00968E79 /* archive_read_open_filename.c in Sources */ = {isa = PBXBuildFile; fileRef = 55E5DD2D1293329E00E36302 /* archive_read_open_filename.c */; };
		B313FA9F173339AE00968E79 /* archive_read_open_memory.c in Sources */ = {isa = PBXBuildFile; fileRef = 55E5DD2E1293329E00E36302 /* archive_read_open_memory.c */; };
		B313FAA0173339AE00968E79 /* archive_read_support_compression_all.c in Sources */ = {isa = PBXBuildFile; fileRef = 55E5DD301293329E00E36302 /* archive_read_support_compression_all.c */; };
		B313FAA1173339AE00968E79 /* archive_read_support_compression_bzip2.c in Sources */ = {isa = PBXBuildFile; fileRef = 55E5DD311293329E00E36302 /* archive_read_support_compression_bzip2.c */; };
		B313FAA2173339AE00968E79 /* archive_read_support_compression_compress.c in Sources */ = {isa = PBXBuildFile; fileRef = 55E5DD321293329E00E36302 /* archive_read_support_compression_compress.c */; };
		B313FAA3173339AE00968E79 /* archive_read_support_compression_gzip.c in Sources */ = {isa = PBXBuildFile; fileRef = 55E5DD331293329E00E36302 /* archive_read_support_compression_gzip.c */; };
		B313FAA4173339AE00968E79 /* archive_read_support_compression_none.c in Sources */ = {isa = PBXBuildFile; fileRef = 55E5DD341293329E00E36302 /* archive_read_support_compression_none.c */; };
		B313FAA5173339AE00968E79 /* archive_read_support_compression_program.c in Sources */ = {isa = PBXBuildFile; fileRef = 55E5DD351293329E00E36302 /* archive_read_support_compression_program.c */; };
		B313FAA6173339AE00968E79 /* archive_read_support_compression_rpm.c in Sources */ = {isa = PBXBuildFile; fileRef = 55E5DD361293329E00E36302 /* archive_read_support_compression_rpm.c */; };
		B313FAA7173339AE00968E79 /* archive_read_support_compression_uu.c in Sources */ = {isa = PBXBuildFile; fileRef = 55E5DD371293329E00E36302 /* archive_read_support_compression_uu.c */; };
		B313FAA8173339AE00968E79 /* archive_read_support_compression_xz.c in Sources */ = {isa = PBXBuildFile; fileRef = 55E5DD381293329E00E36302 /* archive_read_support_compression_xz.c */; };
		B313FAA9173339AE00968E79 /* archive_read_support_format_all.c in Sources */ = {isa = PBXBuildFile; fileRef = 55E5DD391293329E00E36302 /* archive_read_support_format_all.c */; };
		B313FAAA173339AE00968E79 /* archive_read_support_format_ar.c in Sources */ = {isa = PBXBuildFile; fileRef = 55E5DD3A1293329E00E36302 /* archive_read_support_format_ar.c */; };
		B313FAAB173339AE00968E79 /* archive_read_support_format_cpio.c in Sources */ = {isa = PBXBuildFile; fileRef = 55E5DD3B1293329E00E36302 /* archive_read_support_format_cpio.c */; };
		B313FAAC173339AE00968E79 /* archive_read_support_format_empty.c in Sources */ = {isa = PBXBuildFile; fileRef = 55E5DD3C1293329E00E36302 /* archive_read_support_format_empty.c */; };
		B313FAAD173339AE00968E79 /* archive_read_support_format_iso9660.c in Sources */ = {isa = PBXBuildFile; fileRef = 55E5DD3D1293329E00E36302 /* archive_read_support_format_iso9660.c */; };
		B313FAAE173339AE00968E79 /* archive_read_support_format_mtree.c in Sources */ = {isa = PBXBuildFile; fileRef = 55E5DD3E1293329E00E36302 /* archive_read_support_format_mtree.c */; };
		B313FAAF173339AE00968E79 /* archive_read_support_format_raw.c in Sources */ = {isa = PBXBuildFile; fileRef = 55E5DD3F1293329E00E36302 /* archive_read_support_format_raw.c */; };
		B313FAB0173339AE00968E79 /* archive_read_support_format_tar.c in Sources */ = {isa = PBXBuildFile; fileRef = 55E5DD401293329E00E36302 /* archive_read_support_format_tar.c */; };
		B313FAB1173339AE00968E79 /* archive_read_support_format_xar.c in Sources */ = {isa = PBXBuildFile; fileRef = 55E5DD411293329E00E36302 /* archive_read_support_format_xar.c */; };
		B313FAB2173339AE00968E79 /* archive_read_support_format_zip.c in Sources */ = {isa = PBXBuildFile; fileRef = 55E5DD421293329E00E36302 /* archive_read_support_format_zip.c */; };
		B313FAB3173339AE00968E79 /* archive_read.c in Sources */ = {isa = PBXBuildFile; fileRef = 55E5DD431293329E00E36302 /* archive_read.c */; };
		B313FAB4173339AE00968E79 /* archive_string_sprintf.c in Sources */ = {isa = PBXBuildFile; fileRef = 55E5DD441293329E00E36302 /* archive_string_sprintf.c */; };
		B313FAB5173339AE00968E79 /* archive_string.c in Sources */ = {isa = PBXBuildFile; fileRef = 55E5DD451293329E00E36302 /* archive_string.c */; };
		B313FAB6173339AE00968E79 /* archive_util.c in Sources */ = {isa = PBXBuildFile; fileRef = 55E5DD471293329E00E36302 /* archive_util.c */; };
		B313FAB7173339AE00968E79 /* archive_virtual.c in Sources */ = {isa = PBXBuildFile; fileRef = 55E5DD481293329E00E36302 /* archive_virtual.c */; };
		B313FAB8173339AE00968E79 /* archive_windows.c in Sources */ = {isa = PBXBuildFile; fileRef = 55E5DD491293329E00E36302 /* archive_windows.c */; };
		B313FAB9173339AE00968E79 /* archive_write_disk_set_standard_lookup.c in Sources */ = {isa = PBXBuildFile; fileRef = 55E5DD4C1293329E00E36302 /* archive_write_disk_set_standard_lookup.c */; };
		B313FABA173339AE00968E79 /* archive_write_disk.c in Sources */ = {isa = PBXBuildFile; fileRef = 55E5DD4D1293329E00E36302 /* archive_write_disk.c */; };
		B313FABB173339AE00968E79 /* archive_write_open_fd.c in Sources */ = {isa = PBXBuildFile; fileRef = 55E5DD4E1293329E00E36302 /* archive_write_open_fd.c */; };
		B313FABC173339AE00968E79 /* archive_write_open_file.c in Sources */ = {isa = PBXBuildFile; fileRef = 55E5DD4F1293329E00E36302 /* archive_write_open_file.c */; };
		B313FABD173339AE00968E79 /* archive_write_open_filename.c in Sources */ = {isa = PBXBuildFile; fileRef = 55E5DD501293329E00E36302 /* archive_write_open_filename.c */; };
		B313FABE173339AE00968E79 /* archive_write_open_memory.c in Sources */ = {isa = PBXBuildFile; fileRef = 55E5DD511293329E00E36302 /* archive_write_open_memory.c */; };
		B313FABF173339AE00968E79 /* archive_write_set_compression_bzip2.c in Sources */ = {isa = PBXBuildFile; fileRef = 55E5DD531293329E00E36302 /* archive_write_set_compression_bzip2.c */; };
		B313FAC0173339AE00968E79 /* archive_write_set_compression_compress.c in Sources */ = {isa = PBXBuildFile; fileRef = 55E5DD541293329E00E36302 /* archive_write_set_compression_compress.c */; };
		B313FAC1173339AE00968E79 /* archive_write_set_compression_gzip.c in Sources */ = {isa = PBXBuildFile; fileRef = 55E5DD551293329E00E36302 /* archive_write_set_compression_gzip.c */; };
		B313FAC2173339AE00968E79 /* archive_write_set_compression_none.c in Sources */ = {isa = PBXBuildFile; fileRef = 55E5DD561293329E00E36302 /* archive_write_set_compression_none.c */; };
		B313FAC3173339AE00968E79 /* archive_write_set_compression_program.c in Sources */ = {isa = PBXBuildFile; fileRef = 55E5DD571293329E00E36302 /* archive_write_set_compression_program.c */; };
		B313FAC4173339AE00968E79 /* archive_write_set_compression_xz.c in Sources */ = {isa = PBXBuildFile; fileRef = 55E5DD581293329E00E36302 /* archive_write_set_compression_xz.c */; };
		B313FAC5173339AE00968E79 /* archive_write_set_format_ar.c in Sources */ = {isa = PBXBuildFile; fileRef = 55E5DD591293329E00E36302 /* archive_write_set_format_ar.c */; };
		B313FAC6173339AE00968E79 /* archive_write_set_format_by_name.c in Sources */ = {isa = PBXBuildFile; fileRef = 55E5DD5A1293329E00E36302 /* archive_write_set_format_by_name.c */; };
		B313FAC7173339AE00968E79 /* archive_write_set_format_cpio_newc.c in Sources */ = {isa = PBXBuildFile; fileRef = 55E5DD5B1293329E00E36302 /* archive_write_set_format_cpio_newc.c */; };
		B313FAC8173339AE00968E79 /* archive_write_set_format_cpio.c in Sources */ = {isa = PBXBuildFile; fileRef = 55E5DD5C1293329E00E36302 /* archive_write_set_format_cpio.c */; };
		B313FAC9173339AE00968E79 /* archive_write_set_format_mtree.c in Sources */ = {isa = PBXBuildFile; fileRef = 55E5DD5D1293329E00E36302 /* archive_write_set_format_mtree.c */; };
		B313FACA173339AE00968E79 /* archive_write_set_format_pax.c in Sources */ = {isa = PBXBuildFile; fileRef = 55E5DD5E1293329E00E36302 /* archive_write_set_format_pax.c */; };
		B313FACB173339AE00968E79 /* archive_write_set_format_shar.c in Sources */ = {isa = PBXBuildFile; fileRef = 55E5DD5F1293329E00E36302 /* archive_write_set_format_shar.c */; };
		B313FACC173339AE00968E79 /* archive_write_set_format_ustar.c in Sources */ = {isa = PBXBuildFile; fileRef = 55E5DD601293329E00E36302 /* archive_write_set_format_ustar.c */; };
		B313FACD173339AE00968E79 /* archive_write_set_format_zip.c in Sources */ = {isa = PBXBuildFile; fileRef = 55E5DD611293329E00E36302 /* archive_write_set_format_zip.c */; };
		B313FACE173339AE00968E79 /* archive_write_set_format.c in Sources */ = {isa = PBXBuildFile; fileRef = 55E5DD621293329E00E36302 /* archive_write_set_format.c */; };
		B313FACF173339AE00968E79 /* archive_write.c in Sources */ = {isa = PBXBuildFile; fileRef = 55E5DD631293329E00E36302 /* archive_write.c */; };
		B313FAD0173339AE00968E79 /* filter_fork.c in Sources */ = {isa = PBXBuildFile; fileRef = 55E5DD661293329E00E36302 /* filter_fork.c */; };
		B313FAD1173339AE00968E79 /* blocksort.c in Sources */ = {isa = PBXBuildFile; fileRef = 55E5DDBA129332EA00E36302 /* blocksort.c */; };
		B313FAD2173339AE00968E79 /* bzlib.c in Sources */ = {isa = PBXBuildFile; fileRef = 55E5DDBE129332EA00E36302 /* bzlib.c */; };
		B313FAD3173339AE00968E79 /* compress.c in Sources */ = {isa = PBXBuildFile; fileRef = 55E5DDC0129332EA00E36302 /* compress.c */; };
		B313FAD4173339AE00968E79 /* crctable.c in Sources */ = {isa = PBXBuildFile; fileRef = 55E5DDC1129332EA00E36302 /* crctable.c */; };
		B313FAD5173339AE00968E79 /* decompress.c in Sources */ = {isa = PBXBuildFile; fileRef = 55E5DDC2129332EA00E36302 /* decompress.c */; };
		B313FAD6173339AE00968E79 /* huffman.c in Sources */ = {isa = PBXBuildFile; fileRef = 55E5DDC4129332EA00E36302 /* huffman.c */; };
		B313FAD7173339AE00968E79 /* randtable.c in Sources */ = {isa = PBXBuildFile; fileRef = 55E5DDC6129332EA00E36302 /* randtable.c */; };
		B313FAD9173339AE00968E79 /* libz.1.2.5.dylib in Frameworks */ = {isa = PBXBuildFile; fileRef = F4FA3C3E160736B600DA6574 /* libz.1.2.5.dylib */; };
		B313FADA173339AE00968E79 /* Foundation.framework in Frameworks */ = {isa = PBXBuildFile; fileRef = AACBBE490F95108600F1A2B1 /* Foundation.framework */; };
		F4FA3C3F160736B600DA6574 /* libz.1.2.5.dylib in Frameworks */ = {isa = PBXBuildFile; fileRef = F4FA3C3E160736B600DA6574 /* libz.1.2.5.dylib */; };
/* End PBXBuildFile section */

/* Begin PBXFileReference section */
		55E5DD141293320800E36302 /* libz.1.2.3.dylib */ = {isa = PBXFileReference; lastKnownFileType = "compiled.mach-o.dylib"; name = libz.1.2.3.dylib; path = usr/lib/libz.1.2.3.dylib; sourceTree = SDKROOT; };
		55E5DD161293329E00E36302 /* archive_check_magic.c */ = {isa = PBXFileReference; fileEncoding = 4; lastKnownFileType = sourcecode.c.c; name = archive_check_magic.c; path = ../libarchive/libarchive/archive_check_magic.c; sourceTree = SOURCE_ROOT; };
		55E5DD171293329E00E36302 /* archive_crc32.h */ = {isa = PBXFileReference; fileEncoding = 4; lastKnownFileType = sourcecode.c.h; name = archive_crc32.h; path = ../libarchive/libarchive/archive_crc32.h; sourceTree = SOURCE_ROOT; };
		55E5DD181293329E00E36302 /* archive_endian.h */ = {isa = PBXFileReference; fileEncoding = 4; lastKnownFileType = sourcecode.c.h; name = archive_endian.h; path = ../libarchive/libarchive/archive_endian.h; sourceTree = SOURCE_ROOT; };
		55E5DD191293329E00E36302 /* archive_entry_copy_bhfi.c */ = {isa = PBXFileReference; fileEncoding = 4; lastKnownFileType = sourcecode.c.c; name = archive_entry_copy_bhfi.c; path = ../libarchive/libarchive/archive_entry_copy_bhfi.c; sourceTree = SOURCE_ROOT; };
		55E5DD1A1293329E00E36302 /* archive_entry_copy_stat.c */ = {isa = PBXFileReference; fileEncoding = 4; lastKnownFileType = sourcecode.c.c; name = archive_entry_copy_stat.c; path = ../libarchive/libarchive/archive_entry_copy_stat.c; sourceTree = SOURCE_ROOT; };
		55E5DD1B1293329E00E36302 /* archive_entry_link_resolver.c */ = {isa = PBXFileReference; fileEncoding = 4; lastKnownFileType = sourcecode.c.c; name = archive_entry_link_resolver.c; path = ../libarchive/libarchive/archive_entry_link_resolver.c; sourceTree = SOURCE_ROOT; };
		55E5DD1C1293329E00E36302 /* archive_entry_private.h */ = {isa = PBXFileReference; fileEncoding = 4; lastKnownFileType = sourcecode.c.h; name = archive_entry_private.h; path = ../libarchive/libarchive/archive_entry_private.h; sourceTree = SOURCE_ROOT; };
		55E5DD1D1293329E00E36302 /* archive_entry_stat.c */ = {isa = PBXFileReference; fileEncoding = 4; lastKnownFileType = sourcecode.c.c; name = archive_entry_stat.c; path = ../libarchive/libarchive/archive_entry_stat.c; sourceTree = SOURCE_ROOT; };
		55E5DD1E1293329E00E36302 /* archive_entry_strmode.c */ = {isa = PBXFileReference; fileEncoding = 4; lastKnownFileType = sourcecode.c.c; name = archive_entry_strmode.c; path = ../libarchive/libarchive/archive_entry_strmode.c; sourceTree = SOURCE_ROOT; };
		55E5DD1F1293329E00E36302 /* archive_entry_xattr.c */ = {isa = PBXFileReference; fileEncoding = 4; lastKnownFileType = sourcecode.c.c; name = archive_entry_xattr.c; path = ../libarchive/libarchive/archive_entry_xattr.c; sourceTree = SOURCE_ROOT; };
		55E5DD201293329E00E36302 /* archive_entry.c */ = {isa = PBXFileReference; fileEncoding = 4; lastKnownFileType = sourcecode.c.c; name = archive_entry.c; path = ../libarchive/libarchive/archive_entry.c; sourceTree = SOURCE_ROOT; };
		55E5DD211293329E00E36302 /* archive_entry.h */ = {isa = PBXFileReference; fileEncoding = 4; lastKnownFileType = sourcecode.c.h; name = archive_entry.h; path = ../libarchive/libarchive/archive_entry.h; sourceTree = SOURCE_ROOT; };
		55E5DD221293329E00E36302 /* archive_hash.h */ = {isa = PBXFileReference; fileEncoding = 4; lastKnownFileType = sourcecode.c.h; name = archive_hash.h; path = ../libarchive/libarchive/archive_hash.h; sourceTree = SOURCE_ROOT; };
		55E5DD231293329E00E36302 /* archive_platform.h */ = {isa = PBXFileReference; fileEncoding = 4; lastKnownFileType = sourcecode.c.h; name = archive_platform.h; path = ../libarchive/libarchive/archive_platform.h; sourceTree = SOURCE_ROOT; };
		55E5DD241293329E00E36302 /* archive_private.h */ = {isa = PBXFileReference; fileEncoding = 4; lastKnownFileType = sourcecode.c.h; name = archive_private.h; path = ../libarchive/libarchive/archive_private.h; sourceTree = SOURCE_ROOT; };
		55E5DD251293329E00E36302 /* archive_read_data_into_fd.c */ = {isa = PBXFileReference; fileEncoding = 4; lastKnownFileType = sourcecode.c.c; name = archive_read_data_into_fd.c; path = ../libarchive/libarchive/archive_read_data_into_fd.c; sourceTree = SOURCE_ROOT; };
		55E5DD261293329E00E36302 /* archive_read_disk_entry_from_file.c */ = {isa = PBXFileReference; fileEncoding = 4; lastKnownFileType = sourcecode.c.c; name = archive_read_disk_entry_from_file.c; path = ../libarchive/libarchive/archive_read_disk_entry_from_file.c; sourceTree = SOURCE_ROOT; };
		55E5DD271293329E00E36302 /* archive_read_disk_private.h */ = {isa = PBXFileReference; fileEncoding = 4; lastKnownFileType = sourcecode.c.h; name = archive_read_disk_private.h; path = ../libarchive/libarchive/archive_read_disk_private.h; sourceTree = SOURCE_ROOT; };
		55E5DD281293329E00E36302 /* archive_read_disk_set_standard_lookup.c */ = {isa = PBXFileReference; fileEncoding = 4; lastKnownFileType = sourcecode.c.c; name = archive_read_disk_set_standard_lookup.c; path = ../libarchive/libarchive/archive_read_disk_set_standard_lookup.c; sourceTree = SOURCE_ROOT; };
		55E5DD291293329E00E36302 /* archive_read_disk.c */ = {isa = PBXFileReference; fileEncoding = 4; lastKnownFileType = sourcecode.c.c; name = archive_read_disk.c; path = ../libarchive/libarchive/archive_read_disk.c; sourceTree = SOURCE_ROOT; };
		55E5DD2A1293329E00E36302 /* archive_read_extract.c */ = {isa = PBXFileReference; fileEncoding = 4; lastKnownFileType = sourcecode.c.c; name = archive_read_extract.c; path = ../libarchive/libarchive/archive_read_extract.c; sourceTree = SOURCE_ROOT; };
		55E5DD2B1293329E00E36302 /* archive_read_open_fd.c */ = {isa = PBXFileReference; fileEncoding = 4; lastKnownFileType = sourcecode.c.c; name = archive_read_open_fd.c; path = ../libarchive/libarchive/archive_read_open_fd.c; sourceTree = SOURCE_ROOT; };
		55E5DD2C1293329E00E36302 /* archive_read_open_file.c */ = {isa = PBXFileReference; fileEncoding = 4; lastKnownFileType = sourcecode.c.c; name = archive_read_open_file.c; path = ../libarchive/libarchive/archive_read_open_file.c; sourceTree = SOURCE_ROOT; };
		55E5DD2D1293329E00E36302 /* archive_read_open_filename.c */ = {isa = PBXFileReference; fileEncoding = 4; lastKnownFileType = sourcecode.c.c; name = archive_read_open_filename.c; path = ../libarchive/libarchive/archive_read_open_filename.c; sourceTree = SOURCE_ROOT; };
		55E5DD2E1293329E00E36302 /* archive_read_open_memory.c */ = {isa = PBXFileReference; fileEncoding = 4; lastKnownFileType = sourcecode.c.c; name = archive_read_open_memory.c; path = ../libarchive/libarchive/archive_read_open_memory.c; sourceTree = SOURCE_ROOT; };
		55E5DD2F1293329E00E36302 /* archive_read_private.h */ = {isa = PBXFileReference; fileEncoding = 4; lastKnownFileType = sourcecode.c.h; name = archive_read_private.h; path = ../libarchive/libarchive/archive_read_private.h; sourceTree = SOURCE_ROOT; };
		55E5DD301293329E00E36302 /* archive_read_support_compression_all.c */ = {isa = PBXFileReference; fileEncoding = 4; lastKnownFileType = sourcecode.c.c; name = archive_read_support_compression_all.c; path = ../libarchive/libarchive/archive_read_support_compression_all.c; sourceTree = SOURCE_ROOT; };
		55E5DD311293329E00E36302 /* archive_read_support_compression_bzip2.c */ = {isa = PBXFileReference; fileEncoding = 4; lastKnownFileType = sourcecode.c.c; name = archive_read_support_compression_bzip2.c; path = ../libarchive/libarchive/archive_read_support_compression_bzip2.c; sourceTree = SOURCE_ROOT; };
		55E5DD321293329E00E36302 /* archive_read_support_compression_compress.c */ = {isa = PBXFileReference; fileEncoding = 4; lastKnownFileType = sourcecode.c.c; name = archive_read_support_compression_compress.c; path = ../libarchive/libarchive/archive_read_support_compression_compress.c; sourceTree = SOURCE_ROOT; };
		55E5DD331293329E00E36302 /* archive_read_support_compression_gzip.c */ = {isa = PBXFileReference; fileEncoding = 4; lastKnownFileType = sourcecode.c.c; name = archive_read_support_compression_gzip.c; path = ../libarchive/libarchive/archive_read_support_compression_gzip.c; sourceTree = SOURCE_ROOT; };
		55E5DD341293329E00E36302 /* archive_read_support_compression_none.c */ = {isa = PBXFileReference; fileEncoding = 4; lastKnownFileType = sourcecode.c.c; name = archive_read_support_compression_none.c; path = ../libarchive/libarchive/archive_read_support_compression_none.c; sourceTree = SOURCE_ROOT; };
		55E5DD351293329E00E36302 /* archive_read_support_compression_program.c */ = {isa = PBXFileReference; fileEncoding = 4; lastKnownFileType = sourcecode.c.c; name = archive_read_support_compression_program.c; path = ../libarchive/libarchive/archive_read_support_compression_program.c; sourceTree = SOURCE_ROOT; };
		55E5DD361293329E00E36302 /* archive_read_support_compression_rpm.c */ = {isa = PBXFileReference; fileEncoding = 4; lastKnownFileType = sourcecode.c.c; name = archive_read_support_compression_rpm.c; path = ../libarchive/libarchive/archive_read_support_compression_rpm.c; sourceTree = SOURCE_ROOT; };
		55E5DD371293329E00E36302 /* archive_read_support_compression_uu.c */ = {isa = PBXFileReference; fileEncoding = 4; lastKnownFileType = sourcecode.c.c; name = archive_read_support_compression_uu.c; path = ../libarchive/libarchive/archive_read_support_compression_uu.c; sourceTree = SOURCE_ROOT; };
		55E5DD381293329E00E36302 /* archive_read_support_compression_xz.c */ = {isa = PBXFileReference; fileEncoding = 4; lastKnownFileType = sourcecode.c.c; name = archive_read_support_compression_xz.c; path = ../libarchive/libarchive/archive_read_support_compression_xz.c; sourceTree = SOURCE_ROOT; };
		55E5DD391293329E00E36302 /* archive_read_support_format_all.c */ = {isa = PBXFileReference; fileEncoding = 4; lastKnownFileType = sourcecode.c.c; name = archive_read_support_format_all.c; path = ../libarchive/libarchive/archive_read_support_format_all.c; sourceTree = SOURCE_ROOT; };
		55E5DD3A1293329E00E36302 /* archive_read_support_format_ar.c */ = {isa = PBXFileReference; fileEncoding = 4; lastKnownFileType = sourcecode.c.c; name = archive_read_support_format_ar.c; path = ../libarchive/libarchive/archive_read_support_format_ar.c; sourceTree = SOURCE_ROOT; };
		55E5DD3B1293329E00E36302 /* archive_read_support_format_cpio.c */ = {isa = PBXFileReference; fileEncoding = 4; lastKnownFileType = sourcecode.c.c; name = archive_read_support_format_cpio.c; path = ../libarchive/libarchive/archive_read_support_format_cpio.c; sourceTree = SOURCE_ROOT; };
		55E5DD3C1293329E00E36302 /* archive_read_support_format_empty.c */ = {isa = PBXFileReference; fileEncoding = 4; lastKnownFileType = sourcecode.c.c; name = archive_read_support_format_empty.c; path = ../libarchive/libarchive/archive_read_support_format_empty.c; sourceTree = SOURCE_ROOT; };
		55E5DD3D1293329E00E36302 /* archive_read_support_format_iso9660.c */ = {isa = PBXFileReference; fileEncoding = 4; lastKnownFileType = sourcecode.c.c; name = archive_read_support_format_iso9660.c; path = ../libarchive/libarchive/archive_read_support_format_iso9660.c; sourceTree = SOURCE_ROOT; };
		55E5DD3E1293329E00E36302 /* archive_read_support_format_mtree.c */ = {isa = PBXFileReference; fileEncoding = 4; lastKnownFileType = sourcecode.c.c; name = archive_read_support_format_mtree.c; path = ../libarchive/libarchive/archive_read_support_format_mtree.c; sourceTree = SOURCE_ROOT; };
		55E5DD3F1293329E00E36302 /* archive_read_support_format_raw.c */ = {isa = PBXFileReference; fileEncoding = 4; lastKnownFileType = sourcecode.c.c; name = archive_read_support_format_raw.c; path = ../libarchive/libarchive/archive_read_support_format_raw.c; sourceTree = SOURCE_ROOT; };
		55E5DD401293329E00E36302 /* archive_read_support_format_tar.c */ = {isa = PBXFileReference; fileEncoding = 4; lastKnownFileType = sourcecode.c.c; name = archive_read_support_format_tar.c; path = ../libarchive/libarchive/archive_read_support_format_tar.c; sourceTree = SOURCE_ROOT; };
		55E5DD411293329E00E36302 /* archive_read_support_format_xar.c */ = {isa = PBXFileReference; fileEncoding = 4; lastKnownFileType = sourcecode.c.c; name = archive_read_support_format_xar.c; path = ../libarchive/libarchive/archive_read_support_format_xar.c; sourceTree = SOURCE_ROOT; };
		55E5DD421293329E00E36302 /* archive_read_support_format_zip.c */ = {isa = PBXFileReference; fileEncoding = 4; lastKnownFileType = sourcecode.c.c; name = archive_read_support_format_zip.c; path = ../libarchive/libarchive/archive_read_support_format_zip.c; sourceTree = SOURCE_ROOT; };
		55E5DD431293329E00E36302 /* archive_read.c */ = {isa = PBXFileReference; fileEncoding = 4; lastKnownFileType = sourcecode.c.c; name = archive_read.c; path = ../libarchive/libarchive/archive_read.c; sourceTree = SOURCE_ROOT; };
		55E5DD441293329E00E36302 /* archive_string_sprintf.c */ = {isa = PBXFileReference; fileEncoding = 4; lastKnownFileType = sourcecode.c.c; name = archive_string_sprintf.c; path = ../libarchive/libarchive/archive_string_sprintf.c; sourceTree = SOURCE_ROOT; };
		55E5DD451293329E00E36302 /* archive_string.c */ = {isa = PBXFileReference; fileEncoding = 4; lastKnownFileType = sourcecode.c.c; name = archive_string.c; path = ../libarchive/libarchive/archive_string.c; sourceTree = SOURCE_ROOT; };
		55E5DD461293329E00E36302 /* archive_string.h */ = {isa = PBXFileReference; fileEncoding = 4; lastKnownFileType = sourcecode.c.h; name = archive_string.h; path = ../libarchive/libarchive/archive_string.h; sourceTree = SOURCE_ROOT; };
		55E5DD471293329E00E36302 /* archive_util.c */ = {isa = PBXFileReference; fileEncoding = 4; lastKnownFileType = sourcecode.c.c; name = archive_util.c; path = ../libarchive/libarchive/archive_util.c; sourceTree = SOURCE_ROOT; };
		55E5DD481293329E00E36302 /* archive_virtual.c */ = {isa = PBXFileReference; fileEncoding = 4; lastKnownFileType = sourcecode.c.c; name = archive_virtual.c; path = ../libarchive/libarchive/archive_virtual.c; sourceTree = SOURCE_ROOT; };
		55E5DD491293329E00E36302 /* archive_windows.c */ = {isa = PBXFileReference; fileEncoding = 4; lastKnownFileType = sourcecode.c.c; name = archive_windows.c; path = ../libarchive/libarchive/archive_windows.c; sourceTree = SOURCE_ROOT; };
		55E5DD4A1293329E00E36302 /* archive_windows.h */ = {isa = PBXFileReference; fileEncoding = 4; lastKnownFileType = sourcecode.c.h; name = archive_windows.h; path = ../libarchive/libarchive/archive_windows.h; sourceTree = SOURCE_ROOT; };
		55E5DD4B1293329E00E36302 /* archive_write_disk_private.h */ = {isa = PBXFileReference; fileEncoding = 4; lastKnownFileType = sourcecode.c.h; name = archive_write_disk_private.h; path = ../libarchive/libarchive/archive_write_disk_private.h; sourceTree = SOURCE_ROOT; };
		55E5DD4C1293329E00E36302 /* archive_write_disk_set_standard_lookup.c */ = {isa = PBXFileReference; fileEncoding = 4; lastKnownFileType = sourcecode.c.c; name = archive_write_disk_set_standard_lookup.c; path = ../libarchive/libarchive/archive_write_disk_set_standard_lookup.c; sourceTree = SOURCE_ROOT; };
		55E5DD4D1293329E00E36302 /* archive_write_disk.c */ = {isa = PBXFileReference; fileEncoding = 4; lastKnownFileType = sourcecode.c.c; name = archive_write_disk.c; path = ../libarchive/libarchive/archive_write_disk.c; sourceTree = SOURCE_ROOT; };
		55E5DD4E1293329E00E36302 /* archive_write_open_fd.c */ = {isa = PBXFileReference; fileEncoding = 4; lastKnownFileType = sourcecode.c.c; name = archive_write_open_fd.c; path = ../libarchive/libarchive/archive_write_open_fd.c; sourceTree = SOURCE_ROOT; };
		55E5DD4F1293329E00E36302 /* archive_write_open_file.c */ = {isa = PBXFileReference; fileEncoding = 4; lastKnownFileType = sourcecode.c.c; name = archive_write_open_file.c; path = ../libarchive/libarchive/archive_write_open_file.c; sourceTree = SOURCE_ROOT; };
		55E5DD501293329E00E36302 /* archive_write_open_filename.c */ = {isa = PBXFileReference; fileEncoding = 4; lastKnownFileType = sourcecode.c.c; name = archive_write_open_filename.c; path = ../libarchive/libarchive/archive_write_open_filename.c; sourceTree = SOURCE_ROOT; };
		55E5DD511293329E00E36302 /* archive_write_open_memory.c */ = {isa = PBXFileReference; fileEncoding = 4; lastKnownFileType = sourcecode.c.c; name = archive_write_open_memory.c; path = ../libarchive/libarchive/archive_write_open_memory.c; sourceTree = SOURCE_ROOT; };
		55E5DD521293329E00E36302 /* archive_write_private.h */ = {isa = PBXFileReference; fileEncoding = 4; lastKnownFileType = sourcecode.c.h; name = archive_write_private.h; path = ../libarchive/libarchive/archive_write_private.h; sourceTree = SOURCE_ROOT; };
		55E5DD531293329E00E36302 /* archive_write_set_compression_bzip2.c */ = {isa = PBXFileReference; fileEncoding = 4; lastKnownFileType = sourcecode.c.c; name = archive_write_set_compression_bzip2.c; path = ../libarchive/libarchive/archive_write_set_compression_bzip2.c; sourceTree = SOURCE_ROOT; };
		55E5DD541293329E00E36302 /* archive_write_set_compression_compress.c */ = {isa = PBXFileReference; fileEncoding = 4; lastKnownFileType = sourcecode.c.c; name = archive_write_set_compression_compress.c; path = ../libarchive/libarchive/archive_write_set_compression_compress.c; sourceTree = SOURCE_ROOT; };
		55E5DD551293329E00E36302 /* archive_write_set_compression_gzip.c */ = {isa = PBXFileReference; fileEncoding = 4; lastKnownFileType = sourcecode.c.c; name = archive_write_set_compression_gzip.c; path = ../libarchive/libarchive/archive_write_set_compression_gzip.c; sourceTree = SOURCE_ROOT; };
		55E5DD561293329E00E36302 /* archive_write_set_compression_none.c */ = {isa = PBXFileReference; fileEncoding = 4; lastKnownFileType = sourcecode.c.c; name = archive_write_set_compression_none.c; path = ../libarchive/libarchive/archive_write_set_compression_none.c; sourceTree = SOURCE_ROOT; };
		55E5DD571293329E00E36302 /* archive_write_set_compression_program.c */ = {isa = PBXFileReference; fileEncoding = 4; lastKnownFileType = sourcecode.c.c; name = archive_write_set_compression_program.c; path = ../libarchive/libarchive/archive_write_set_compression_program.c; sourceTree = SOURCE_ROOT; };
		55E5DD581293329E00E36302 /* archive_write_set_compression_xz.c */ = {isa = PBXFileReference; fileEncoding = 4; lastKnownFileType = sourcecode.c.c; name = archive_write_set_compression_xz.c; path = ../libarchive/libarchive/archive_write_set_compression_xz.c; sourceTree = SOURCE_ROOT; };
		55E5DD591293329E00E36302 /* archive_write_set_format_ar.c */ = {isa = PBXFileReference; fileEncoding = 4; lastKnownFileType = sourcecode.c.c; name = archive_write_set_format_ar.c; path = ../libarchive/libarchive/archive_write_set_format_ar.c; sourceTree = SOURCE_ROOT; };
		55E5DD5A1293329E00E36302 /* archive_write_set_format_by_name.c */ = {isa = PBXFileReference; fileEncoding = 4; lastKnownFileType = sourcecode.c.c; name = archive_write_set_format_by_name.c; path = ../libarchive/libarchive/archive_write_set_format_by_name.c; sourceTree = SOURCE_ROOT; };
		55E5DD5B1293329E00E36302 /* archive_write_set_format_cpio_newc.c */ = {isa = PBXFileReference; fileEncoding = 4; lastKnownFileType = sourcecode.c.c; name = archive_write_set_format_cpio_newc.c; path = ../libarchive/libarchive/archive_write_set_format_cpio_newc.c; sourceTree = SOURCE_ROOT; };
		55E5DD5C1293329E00E36302 /* archive_write_set_format_cpio.c */ = {isa = PBXFileReference; fileEncoding = 4; lastKnownFileType = sourcecode.c.c; name = archive_write_set_format_cpio.c; path = ../libarchive/libarchive/archive_write_set_format_cpio.c; sourceTree = SOURCE_ROOT; };
		55E5DD5D1293329E00E36302 /* archive_write_set_format_mtree.c */ = {isa = PBXFileReference; fileEncoding = 4; lastKnownFileType = sourcecode.c.c; name = archive_write_set_format_mtree.c; path = ../libarchive/libarchive/archive_write_set_format_mtree.c; sourceTree = SOURCE_ROOT; };
		55E5DD5E1293329E00E36302 /* archive_write_set_format_pax.c */ = {isa = PBXFileReference; fileEncoding = 4; lastKnownFileType = sourcecode.c.c; name = archive_write_set_format_pax.c; path = ../libarchive/libarchive/archive_write_set_format_pax.c; sourceTree = SOURCE_ROOT; };
		55E5DD5F1293329E00E36302 /* archive_write_set_format_shar.c */ = {isa = PBXFileReference; fileEncoding = 4; lastKnownFileType = sourcecode.c.c; name = archive_write_set_format_shar.c; path = ../libarchive/libarchive/archive_write_set_format_shar.c; sourceTree = SOURCE_ROOT; };
		55E5DD601293329E00E36302 /* archive_write_set_format_ustar.c */ = {isa = PBXFileReference; fileEncoding = 4; lastKnownFileType = sourcecode.c.c; name = archive_write_set_format_ustar.c; path = ../libarchive/libarchive/archive_write_set_format_ustar.c; sourceTree = SOURCE_ROOT; };
		55E5DD611293329E00E36302 /* archive_write_set_format_zip.c */ = {isa = PBXFileReference; fileEncoding = 4; lastKnownFileType = sourcecode.c.c; name = archive_write_set_format_zip.c; path = ../libarchive/libarchive/archive_write_set_format_zip.c; sourceTree = SOURCE_ROOT; };
		55E5DD621293329E00E36302 /* archive_write_set_format.c */ = {isa = PBXFileReference; fileEncoding = 4; lastKnownFileType = sourcecode.c.c; name = archive_write_set_format.c; path = ../libarchive/libarchive/archive_write_set_format.c; sourceTree = SOURCE_ROOT; };
		55E5DD631293329E00E36302 /* archive_write.c */ = {isa = PBXFileReference; fileEncoding = 4; lastKnownFileType = sourcecode.c.c; name = archive_write.c; path = ../libarchive/libarchive/archive_write.c; sourceTree = SOURCE_ROOT; };
		55E5DD641293329E00E36302 /* archive.h */ = {isa = PBXFileReference; fileEncoding = 4; lastKnownFileType = sourcecode.c.h; name = archive.h; path = ../libarchive/libarchive/archive.h; sourceTree = SOURCE_ROOT; };
		55E5DD651293329E00E36302 /* config_freebsd.h */ = {isa = PBXFileReference; fileEncoding = 4; lastKnownFileType = sourcecode.c.h; name = config_freebsd.h; path = ../libarchive/libarchive/config_freebsd.h; sourceTree = SOURCE_ROOT; };
		55E5DD661293329E00E36302 /* filter_fork.c */ = {isa = PBXFileReference; fileEncoding = 4; lastKnownFileType = sourcecode.c.c; name = filter_fork.c; path = ../libarchive/libarchive/filter_fork.c; sourceTree = SOURCE_ROOT; };
		55E5DD671293329E00E36302 /* filter_fork.h */ = {isa = PBXFileReference; fileEncoding = 4; lastKnownFileType = sourcecode.c.h; name = filter_fork.h; path = ../libarchive/libarchive/filter_fork.h; sourceTree = SOURCE_ROOT; };
		55E5DDBA129332EA00E36302 /* blocksort.c */ = {isa = PBXFileReference; fileEncoding = 4; lastKnownFileType = sourcecode.c.c; name = blocksort.c; path = ../bzip2/blocksort.c; sourceTree = SOURCE_ROOT; };
		55E5DDBB129332EA00E36302 /* bzip2.c */ = {isa = PBXFileReference; fileEncoding = 4; lastKnownFileType = sourcecode.c.c; name = bzip2.c; path = ../bzip2/bzip2.c; sourceTree = SOURCE_ROOT; };
		55E5DDBC129332EA00E36302 /* bzip2recover.c */ = {isa = PBXFileReference; fileEncoding = 4; lastKnownFileType = sourcecode.c.c; name = bzip2recover.c; path = ../bzip2/bzip2recover.c; sourceTree = SOURCE_ROOT; };
		55E5DDBD129332EA00E36302 /* bzlib_private.h */ = {isa = PBXFileReference; fileEncoding = 4; lastKnownFileType = sourcecode.c.h; name = bzlib_private.h; path = ../bzip2/bzlib_private.h; sourceTree = SOURCE_ROOT; };
		55E5DDBE129332EA00E36302 /* bzlib.c */ = {isa = PBXFileReference; fileEncoding = 4; lastKnownFileType = sourcecode.c.c; name = bzlib.c; path = ../bzip2/bzlib.c; sourceTree = SOURCE_ROOT; };
		55E5DDBF129332EA00E36302 /* bzlib.h */ = {isa = PBXFileReference; fileEncoding = 4; lastKnownFileType = sourcecode.c.h; name = bzlib.h; path = ../bzip2/bzlib.h; sourceTree = SOURCE_ROOT; };
		55E5DDC0129332EA00E36302 /* compress.c */ = {isa = PBXFileReference; fileEncoding = 4; lastKnownFileType = sourcecode.c.c; name = compress.c; path = ../bzip2/compress.c; sourceTree = SOURCE_ROOT; };
		55E5DDC1129332EA00E36302 /* crctable.c */ = {isa = PBXFileReference; fileEncoding = 4; lastKnownFileType = sourcecode.c.c; name = crctable.c; path = ../bzip2/crctable.c; sourceTree = SOURCE_ROOT; };
		55E5DDC2129332EA00E36302 /* decompress.c */ = {isa = PBXFileReference; fileEncoding = 4; lastKnownFileType = sourcecode.c.c; name = decompress.c; path = ../bzip2/decompress.c; sourceTree = SOURCE_ROOT; };
		55E5DDC3129332EA00E36302 /* dlltest.c */ = {isa = PBXFileReference; fileEncoding = 4; lastKnownFileType = sourcecode.c.c; name = dlltest.c; path = ../bzip2/dlltest.c; sourceTree = SOURCE_ROOT; };
		55E5DDC4129332EA00E36302 /* huffman.c */ = {isa = PBXFileReference; fileEncoding = 4; lastKnownFileType = sourcecode.c.c; name = huffman.c; path = ../bzip2/huffman.c; sourceTree = SOURCE_ROOT; };
		55E5DDC5129332EA00E36302 /* mk251.c */ = {isa = PBXFileReference; fileEncoding = 4; lastKnownFileType = sourcecode.c.c; name = mk251.c; path = ../bzip2/mk251.c; sourceTree = SOURCE_ROOT; };
		55E5DDC6129332EA00E36302 /* randtable.c */ = {isa = PBXFileReference; fileEncoding = 4; lastKnownFileType = sourcecode.c.c; name = randtable.c; path = ../bzip2/randtable.c; sourceTree = SOURCE_ROOT; };
		55E5DDC7129332EA00E36302 /* spewG.c */ = {isa = PBXFileReference; fileEncoding = 4; lastKnownFileType = sourcecode.c.c; name = spewG.c; path = ../bzip2/spewG.c; sourceTree = SOURCE_ROOT; };
		55E5DDC8129332EA00E36302 /* unzcrash.c */ = {isa = PBXFileReference; fileEncoding = 4; lastKnownFileType = sourcecode.c.c; name = unzcrash.c; path = ../bzip2/unzcrash.c; sourceTree = SOURCE_ROOT; };
		55E5DDDD129333B500E36302 /* libarchive_custom_config.h */ = {isa = PBXFileReference; fileEncoding = 4; lastKnownFileType = sourcecode.c.h; path = libarchive_custom_config.h; sourceTree = "<group>"; };
		AA747D9E0F9514B9006C5449 /* arc_Prefix.pch */ = {isa = PBXFileReference; fileEncoding = 4; lastKnownFileType = sourcecode.c.h; path = arc_Prefix.pch; sourceTree = SOURCE_ROOT; };
		AACBBE490F95108600F1A2B1 /* Foundation.framework */ = {isa = PBXFileReference; lastKnownFileType = wrapper.framework; name = Foundation.framework; path = System/Library/Frameworks/Foundation.framework; sourceTree = SDKROOT; };
		B313FADE173339AE00968E79 /* libarcosx.a */ = {isa = PBXFileReference; explicitFileType = archive.ar; includeInIndex = 0; path = libarcosx.a; sourceTree = BUILT_PRODUCTS_DIR; };
		D2AAC07E0554694100DB518D /* libarc.a */ = {isa = PBXFileReference; explicitFileType = archive.ar; includeInIndex = 0; path = libarc.a; sourceTree = BUILT_PRODUCTS_DIR; };
		F4FA3C3E160736B600DA6574 /* libz.1.2.5.dylib */ = {isa = PBXFileReference; lastKnownFileType = "compiled.mach-o.dylib"; name = libz.1.2.5.dylib; path = usr/lib/libz.1.2.5.dylib; sourceTree = SDKROOT; };
/* End PBXFileReference section */

/* Begin PBXFrameworksBuildPhase section */
		B313FAD8173339AE00968E79 /* Frameworks */ = {
			isa = PBXFrameworksBuildPhase;
			buildActionMask = 2147483647;
			files = (
				B313FAD9173339AE00968E79 /* libz.1.2.5.dylib in Frameworks */,
				B313FADA173339AE00968E79 /* Foundation.framework in Frameworks */,
			);
			runOnlyForDeploymentPostprocessing = 0;
		};
		D2AAC07C0554694100DB518D /* Frameworks */ = {
			isa = PBXFrameworksBuildPhase;
			buildActionMask = 2147483647;
			files = (
				F4FA3C3F160736B600DA6574 /* libz.1.2.5.dylib in Frameworks */,
				AACBBE4A0F95108600F1A2B1 /* Foundation.framework in Frameworks */,
			);
			runOnlyForDeploymentPostprocessing = 0;
		};
/* End PBXFrameworksBuildPhase section */

/* Begin PBXGroup section */
		034768DFFF38A50411DB9C8B /* Products */ = {
			isa = PBXGroup;
			children = (
				D2AAC07E0554694100DB518D /* libarc.a */,
				B313FADE173339AE00968E79 /* libarcosx.a */,
			);
			name = Products;
			sourceTree = "<group>";
		};
		0867D691FE84028FC02AAC07 /* arc */ = {
			isa = PBXGroup;
			children = (
				F4FA3C3E160736B600DA6574 /* libz.1.2.5.dylib */,
				55E5DD0D129331E200E36302 /* libarchive */,
				55E5DD0C129331DA00E36302 /* libbz2 */,
				32C88DFF0371C24200C91783 /* Other Sources */,
				0867D69AFE84028FC02AAC07 /* Frameworks */,
				034768DFFF38A50411DB9C8B /* Products */,
			);
			name = arc;
			sourceTree = "<group>";
		};
		0867D69AFE84028FC02AAC07 /* Frameworks */ = {
			isa = PBXGroup;
			children = (
				55E5DD141293320800E36302 /* libz.1.2.3.dylib */,
				AACBBE490F95108600F1A2B1 /* Foundation.framework */,
			);
			name = Frameworks;
			sourceTree = "<group>";
		};
		32C88DFF0371C24200C91783 /* Other Sources */ = {
			isa = PBXGroup;
			children = (
				55E5DDDD129333B500E36302 /* libarchive_custom_config.h */,
				AA747D9E0F9514B9006C5449 /* arc_Prefix.pch */,
			);
			name = "Other Sources";
			sourceTree = "<group>";
		};
		55E5DD0C129331DA00E36302 /* libbz2 */ = {
			isa = PBXGroup;
			children = (
				55E5DDBA129332EA00E36302 /* blocksort.c */,
				55E5DDBB129332EA00E36302 /* bzip2.c */,
				55E5DDBC129332EA00E36302 /* bzip2recover.c */,
				55E5DDBD129332EA00E36302 /* bzlib_private.h */,
				55E5DDBE129332EA00E36302 /* bzlib.c */,
				55E5DDBF129332EA00E36302 /* bzlib.h */,
				55E5DDC0129332EA00E36302 /* compress.c */,
				55E5DDC1129332EA00E36302 /* crctable.c */,
				55E5DDC2129332EA00E36302 /* decompress.c */,
				55E5DDC3129332EA00E36302 /* dlltest.c */,
				55E5DDC4129332EA00E36302 /* huffman.c */,
				55E5DDC5129332EA00E36302 /* mk251.c */,
				55E5DDC6129332EA00E36302 /* randtable.c */,
				55E5DDC7129332EA00E36302 /* spewG.c */,
				55E5DDC8129332EA00E36302 /* unzcrash.c */,
			);
			name = libbz2;
			sourceTree = "<group>";
		};
		55E5DD0D129331E200E36302 /* libarchive */ = {
			isa = PBXGroup;
			children = (
				55E5DD161293329E00E36302 /* archive_check_magic.c */,
				55E5DD171293329E00E36302 /* archive_crc32.h */,
				55E5DD181293329E00E36302 /* archive_endian.h */,
				55E5DD191293329E00E36302 /* archive_entry_copy_bhfi.c */,
				55E5DD1A1293329E00E36302 /* archive_entry_copy_stat.c */,
				55E5DD1B1293329E00E36302 /* archive_entry_link_resolver.c */,
				55E5DD1C1293329E00E36302 /* archive_entry_private.h */,
				55E5DD1D1293329E00E36302 /* archive_entry_stat.c */,
				55E5DD1E1293329E00E36302 /* archive_entry_strmode.c */,
				55E5DD1F1293329E00E36302 /* archive_entry_xattr.c */,
				55E5DD201293329E00E36302 /* archive_entry.c */,
				55E5DD211293329E00E36302 /* archive_entry.h */,
				55E5DD221293329E00E36302 /* archive_hash.h */,
				55E5DD231293329E00E36302 /* archive_platform.h */,
				55E5DD241293329E00E36302 /* archive_private.h */,
				55E5DD251293329E00E36302 /* archive_read_data_into_fd.c */,
				55E5DD261293329E00E36302 /* archive_read_disk_entry_from_file.c */,
				55E5DD271293329E00E36302 /* archive_read_disk_private.h */,
				55E5DD281293329E00E36302 /* archive_read_disk_set_standard_lookup.c */,
				55E5DD291293329E00E36302 /* archive_read_disk.c */,
				55E5DD2A1293329E00E36302 /* archive_read_extract.c */,
				55E5DD2B1293329E00E36302 /* archive_read_open_fd.c */,
				55E5DD2C1293329E00E36302 /* archive_read_open_file.c */,
				55E5DD2D1293329E00E36302 /* archive_read_open_filename.c */,
				55E5DD2E1293329E00E36302 /* archive_read_open_memory.c */,
				55E5DD2F1293329E00E36302 /* archive_read_private.h */,
				55E5DD301293329E00E36302 /* archive_read_support_compression_all.c */,
				55E5DD311293329E00E36302 /* archive_read_support_compression_bzip2.c */,
				55E5DD321293329E00E36302 /* archive_read_support_compression_compress.c */,
				55E5DD331293329E00E36302 /* archive_read_support_compression_gzip.c */,
				55E5DD341293329E00E36302 /* archive_read_support_compression_none.c */,
				55E5DD351293329E00E36302 /* archive_read_support_compression_program.c */,
				55E5DD361293329E00E36302 /* archive_read_support_compression_rpm.c */,
				55E5DD371293329E00E36302 /* archive_read_support_compression_uu.c */,
				55E5DD381293329E00E36302 /* archive_read_support_compression_xz.c */,
				55E5DD391293329E00E36302 /* archive_read_support_format_all.c */,
				55E5DD3A1293329E00E36302 /* archive_read_support_format_ar.c */,
				55E5DD3B1293329E00E36302 /* archive_read_support_format_cpio.c */,
				55E5DD3C1293329E00E36302 /* archive_read_support_format_empty.c */,
				55E5DD3D1293329E00E36302 /* archive_read_support_format_iso9660.c */,
				55E5DD3E1293329E00E36302 /* archive_read_support_format_mtree.c */,
				55E5DD3F1293329E00E36302 /* archive_read_support_format_raw.c */,
				55E5DD401293329E00E36302 /* archive_read_support_format_tar.c */,
				55E5DD411293329E00E36302 /* archive_read_support_format_xar.c */,
				55E5DD421293329E00E36302 /* archive_read_support_format_zip.c */,
				55E5DD431293329E00E36302 /* archive_read.c */,
				55E5DD441293329E00E36302 /* archive_string_sprintf.c */,
				55E5DD451293329E00E36302 /* archive_string.c */,
				55E5DD461293329E00E36302 /* archive_string.h */,
				55E5DD471293329E00E36302 /* archive_util.c */,
				55E5DD481293329E00E36302 /* archive_virtual.c */,
				55E5DD491293329E00E36302 /* archive_windows.c */,
				55E5DD4A1293329E00E36302 /* archive_windows.h */,
				55E5DD4B1293329E00E36302 /* archive_write_disk_private.h */,
				55E5DD4C1293329E00E36302 /* archive_write_disk_set_standard_lookup.c */,
				55E5DD4D1293329E00E36302 /* archive_write_disk.c */,
				55E5DD4E1293329E00E36302 /* archive_write_open_fd.c */,
				55E5DD4F1293329E00E36302 /* archive_write_open_file.c */,
				55E5DD501293329E00E36302 /* archive_write_open_filename.c */,
				55E5DD511293329E00E36302 /* archive_write_open_memory.c */,
				55E5DD521293329E00E36302 /* archive_write_private.h */,
				55E5DD531293329E00E36302 /* archive_write_set_compression_bzip2.c */,
				55E5DD541293329E00E36302 /* archive_write_set_compression_compress.c */,
				55E5DD551293329E00E36302 /* archive_write_set_compression_gzip.c */,
				55E5DD561293329E00E36302 /* archive_write_set_compression_none.c */,
				55E5DD571293329E00E36302 /* archive_write_set_compression_program.c */,
				55E5DD581293329E00E36302 /* archive_write_set_compression_xz.c */,
				55E5DD591293329E00E36302 /* archive_write_set_format_ar.c */,
				55E5DD5A1293329E00E36302 /* archive_write_set_format_by_name.c */,
				55E5DD5B1293329E00E36302 /* archive_write_set_format_cpio_newc.c */,
				55E5DD5C1293329E00E36302 /* archive_write_set_format_cpio.c */,
				55E5DD5D1293329E00E36302 /* archive_write_set_format_mtree.c */,
				55E5DD5E1293329E00E36302 /* archive_write_set_format_pax.c */,
				55E5DD5F1293329E00E36302 /* archive_write_set_format_shar.c */,
				55E5DD601293329E00E36302 /* archive_write_set_format_ustar.c */,
				55E5DD611293329E00E36302 /* archive_write_set_format_zip.c */,
				55E5DD621293329E00E36302 /* archive_write_set_format.c */,
				55E5DD631293329E00E36302 /* archive_write.c */,
				55E5DD641293329E00E36302 /* archive.h */,
				55E5DD651293329E00E36302 /* config_freebsd.h */,
				55E5DD661293329E00E36302 /* filter_fork.c */,
				55E5DD671293329E00E36302 /* filter_fork.h */,
			);
			name = libarchive;
			sourceTree = "<group>";
		};
/* End PBXGroup section */

/* Begin PBXHeadersBuildPhase section */
		B313FA79173339AE00968E79 /* Headers */ = {
			isa = PBXHeadersBuildPhase;
			buildActionMask = 2147483647;
			files = (
				B313FA7A173339AE00968E79 /* arc_Prefix.pch in Headers */,
				B313FA7B173339AE00968E79 /* archive_crc32.h in Headers */,
				B313FA7C173339AE00968E79 /* archive_endian.h in Headers */,
				B313FA7D173339AE00968E79 /* archive_entry_private.h in Headers */,
				B313FA7E173339AE00968E79 /* archive_entry.h in Headers */,
				B313FA7F173339AE00968E79 /* archive_hash.h in Headers */,
				B313FA80173339AE00968E79 /* archive_platform.h in Headers */,
				B313FA81173339AE00968E79 /* archive_private.h in Headers */,
				B313FA82173339AE00968E79 /* archive_read_disk_private.h in Headers */,
				B313FA83173339AE00968E79 /* archive_read_private.h in Headers */,
				B313FA84173339AE00968E79 /* archive_string.h in Headers */,
				B313FA85173339AE00968E79 /* archive_windows.h in Headers */,
				B313FA86173339AE00968E79 /* archive_write_disk_private.h in Headers */,
				B313FA87173339AE00968E79 /* archive_write_private.h in Headers */,
				B313FA88173339AE00968E79 /* archive.h in Headers */,
				B313FA89173339AE00968E79 /* config_freebsd.h in Headers */,
				B313FA8A173339AE00968E79 /* filter_fork.h in Headers */,
				B313FA8B173339AE00968E79 /* bzlib_private.h in Headers */,
				B313FA8C173339AE00968E79 /* bzlib.h in Headers */,
				B313FA8D173339AE00968E79 /* libarchive_custom_config.h in Headers */,
			);
			runOnlyForDeploymentPostprocessing = 0;
		};
		D2AAC07A0554694100DB518D /* Headers */ = {
			isa = PBXHeadersBuildPhase;
			buildActionMask = 2147483647;
			files = (
				AA747D9F0F9514B9006C5449 /* arc_Prefix.pch in Headers */,
				55E5DD691293329E00E36302 /* archive_crc32.h in Headers */,
				55E5DD6A1293329E00E36302 /* archive_endian.h in Headers */,
				55E5DD6E1293329E00E36302 /* archive_entry_private.h in Headers */,
				55E5DD731293329E00E36302 /* archive_entry.h in Headers */,
				55E5DD741293329E00E36302 /* archive_hash.h in Headers */,
				55E5DD751293329E00E36302 /* archive_platform.h in Headers */,
				55E5DD761293329E00E36302 /* archive_private.h in Headers */,
				55E5DD791293329E00E36302 /* archive_read_disk_private.h in Headers */,
				55E5DD811293329E00E36302 /* archive_read_private.h in Headers */,
				55E5DD981293329E00E36302 /* archive_string.h in Headers */,
				55E5DD9C1293329E00E36302 /* archive_windows.h in Headers */,
				55E5DD9D1293329E00E36302 /* archive_write_disk_private.h in Headers */,
				55E5DDA41293329E00E36302 /* archive_write_private.h in Headers */,
				55E5DDB61293329E00E36302 /* archive.h in Headers */,
				55E5DDB71293329E00E36302 /* config_freebsd.h in Headers */,
				55E5DDB91293329E00E36302 /* filter_fork.h in Headers */,
				55E5DDCC129332EA00E36302 /* bzlib_private.h in Headers */,
				55E5DDCE129332EA00E36302 /* bzlib.h in Headers */,
				55E5DDDE129333B500E36302 /* libarchive_custom_config.h in Headers */,
			);
			runOnlyForDeploymentPostprocessing = 0;
		};
/* End PBXHeadersBuildPhase section */

/* Begin PBXNativeTarget section */
		B313FA78173339AE00968E79 /* arcosx */ = {
			isa = PBXNativeTarget;
			buildConfigurationList = B313FADB173339AE00968E79 /* Build configuration list for PBXNativeTarget "arcosx" */;
			buildPhases = (
				B313FA79173339AE00968E79 /* Headers */,
				B313FA8E173339AE00968E79 /* Sources */,
				B313FAD8173339AE00968E79 /* Frameworks */,
			);
			buildRules = (
			);
			dependencies = (
			);
			name = arcosx;
			productName = arc;
			productReference = B313FADE173339AE00968E79 /* libarcosx.a */;
			productType = "com.apple.product-type.library.static";
		};
		D2AAC07D0554694100DB518D /* arc */ = {
			isa = PBXNativeTarget;
			buildConfigurationList = 1DEB921E08733DC00010E9CD /* Build configuration list for PBXNativeTarget "arc" */;
			buildPhases = (
				D2AAC07A0554694100DB518D /* Headers */,
				D2AAC07B0554694100DB518D /* Sources */,
				D2AAC07C0554694100DB518D /* Frameworks */,
			);
			buildRules = (
			);
			dependencies = (
			);
			name = arc;
			productName = arc;
			productReference = D2AAC07E0554694100DB518D /* libarc.a */;
			productType = "com.apple.product-type.library.static";
		};
/* End PBXNativeTarget section */

/* Begin PBXProject section */
		0867D690FE84028FC02AAC07 /* Project object */ = {
			isa = PBXProject;
			attributes = {
				LastUpgradeCheck = 0450;
			};
			buildConfigurationList = 1DEB922208733DC00010E9CD /* Build configuration list for PBXProject "arc" */;
			compatibilityVersion = "Xcode 3.2";
			developmentRegion = English;
			hasScannedForEncodings = 1;
			knownRegions = (
				English,
				Japanese,
				French,
				German,
			);
			mainGroup = 0867D691FE84028FC02AAC07 /* arc */;
			productRefGroup = 034768DFFF38A50411DB9C8B /* Products */;
			projectDirPath = "";
			projectRoot = "";
			targets = (
				D2AAC07D0554694100DB518D /* arc */,
				B313FA78173339AE00968E79 /* arcosx */,
			);
		};
/* End PBXProject section */

/* Begin PBXSourcesBuildPhase section */
		B313FA8E173339AE00968E79 /* Sources */ = {
			isa = PBXSourcesBuildPhase;
			buildActionMask = 2147483647;
			files = (
				B313FA8F173339AE00968E79 /* archive_check_magic.c in Sources */,
				B313FA90173339AE00968E79 /* archive_entry_copy_bhfi.c in Sources */,
				B313FA91173339AE00968E79 /* archive_entry_copy_stat.c in Sources */,
				B313FA92173339AE00968E79 /* archive_entry_link_resolver.c in Sources */,
				B313FA93173339AE00968E79 /* archive_entry_stat.c in Sources */,
				B313FA94173339AE00968E79 /* archive_entry_strmode.c in Sources */,
				B313FA95173339AE00968E79 /* archive_entry_xattr.c in Sources */,
				B313FA96173339AE00968E79 /* archive_entry.c in Sources */,
				B313FA97173339AE00968E79 /* archive_read_data_into_fd.c in Sources */,
				B313FA98173339AE00968E79 /* archive_read_disk_entry_from_file.c in Sources */,
				B313FA99173339AE00968E79 /* archive_read_disk_set_standard_lookup.c in Sources */,
				B313FA9A173339AE00968E79 /* archive_read_disk.c in Sources */,
				B313FA9B173339AE00968E79 /* archive_read_extract.c in Sources */,
				B313FA9C173339AE00968E79 /* archive_read_open_fd.c in Sources */,
				B313FA9D173339AE00968E79 /* archive_read_open_file.c in Sources */,
				B313FA9E173339AE00968E79 /* archive_read_open_filename.c in Sources */,
				B313FA9F173339AE00968E79 /* archive_read_open_memory.c in Sources */,
				B313FAA0173339AE00968E79 /* archive_read_support_compression_all.c in Sources */,
				B313FAA1173339AE00968E79 /* archive_read_support_compression_bzip2.c in Sources */,
				B313FAA2173339AE00968E79 /* archive_read_support_compression_compress.c in Sources */,
				B313FAA3173339AE00968E79 /* archive_read_support_compression_gzip.c in Sources */,
				B313FAA4173339AE00968E79 /* archive_read_support_compression_none.c in Sources */,
				B313FAA5173339AE00968E79 /* archive_read_support_compression_program.c in Sources */,
				B313FAA6173339AE00968E79 /* archive_read_support_compression_rpm.c in Sources */,
				B313FAA7173339AE00968E79 /* archive_read_support_compression_uu.c in Sources */,
				B313FAA8173339AE00968E79 /* archive_read_support_compression_xz.c in Sources */,
				B313FAA9173339AE00968E79 /* archive_read_support_format_all.c in Sources */,
				B313FAAA173339AE00968E79 /* archive_read_support_format_ar.c in Sources */,
				B313FAAB173339AE00968E79 /* archive_read_support_format_cpio.c in Sources */,
				B313FAAC173339AE00968E79 /* archive_read_support_format_empty.c in Sources */,
				B313FAAD173339AE00968E79 /* archive_read_support_format_iso9660.c in Sources */,
				B313FAAE173339AE00968E79 /* archive_read_support_format_mtree.c in Sources */,
				B313FAAF173339AE00968E79 /* archive_read_support_format_raw.c in Sources */,
				B313FAB0173339AE00968E79 /* archive_read_support_format_tar.c in Sources */,
				B313FAB1173339AE00968E79 /* archive_read_support_format_xar.c in Sources */,
				B313FAB2173339AE00968E79 /* archive_read_support_format_zip.c in Sources */,
				B313FAB3173339AE00968E79 /* archive_read.c in Sources */,
				B313FAB4173339AE00968E79 /* archive_string_sprintf.c in Sources */,
				B313FAB5173339AE00968E79 /* archive_string.c in Sources */,
				B313FAB6173339AE00968E79 /* archive_util.c in Sources */,
				B313FAB7173339AE00968E79 /* archive_virtual.c in Sources */,
				B313FAB8173339AE00968E79 /* archive_windows.c in Sources */,
				B313FAB9173339AE00968E79 /* archive_write_disk_set_standard_lookup.c in Sources */,
				B313FABA173339AE00968E79 /* archive_write_disk.c in Sources */,
				B313FABB173339AE00968E79 /* archive_write_open_fd.c in Sources */,
				B313FABC173339AE00968E79 /* archive_write_open_file.c in Sources */,
				B313FABD173339AE00968E79 /* archive_write_open_filename.c in Sources */,
				B313FABE173339AE00968E79 /* archive_write_open_memory.c in Sources */,
				B313FABF173339AE00968E79 /* archive_write_set_compression_bzip2.c in Sources */,
				B313FAC0173339AE00968E79 /* archive_write_set_compression_compress.c in Sources */,
				B313FAC1173339AE00968E79 /* archive_write_set_compression_gzip.c in Sources */,
				B313FAC2173339AE00968E79 /* archive_write_set_compression_none.c in Sources */,
				B313FAC3173339AE00968E79 /* archive_write_set_compression_program.c in Sources */,
				B313FAC4173339AE00968E79 /* archive_write_set_compression_xz.c in Sources */,
				B313FAC5173339AE00968E79 /* archive_write_set_format_ar.c in Sources */,
				B313FAC6173339AE00968E79 /* archive_write_set_format_by_name.c in Sources */,
				B313FAC7173339AE00968E79 /* archive_write_set_format_cpio_newc.c in Sources */,
				B313FAC8173339AE00968E79 /* archive_write_set_format_cpio.c in Sources */,
				B313FAC9173339AE00968E79 /* archive_write_set_format_mtree.c in Sources */,
				B313FACA173339AE00968E79 /* archive_write_set_format_pax.c in Sources */,
				B313FACB173339AE00968E79 /* archive_write_set_format_shar.c in Sources */,
				B313FACC173339AE00968E79 /* archive_write_set_format_ustar.c in Sources */,
				B313FACD173339AE00968E79 /* archive_write_set_format_zip.c in Sources */,
				B313FACE173339AE00968E79 /* archive_write_set_format.c in Sources */,
				B313FACF173339AE00968E79 /* archive_write.c in Sources */,
				B313FAD0173339AE00968E79 /* filter_fork.c in Sources */,
				B313FAD1173339AE00968E79 /* blocksort.c in Sources */,
				B313FAD2173339AE00968E79 /* bzlib.c in Sources */,
				B313FAD3173339AE00968E79 /* compress.c in Sources */,
				B313FAD4173339AE00968E79 /* crctable.c in Sources */,
				B313FAD5173339AE00968E79 /* decompress.c in Sources */,
				B313FAD6173339AE00968E79 /* huffman.c in Sources */,
				B313FAD7173339AE00968E79 /* randtable.c in Sources */,
			);
			runOnlyForDeploymentPostprocessing = 0;
		};
		D2AAC07B0554694100DB518D /* Sources */ = {
			isa = PBXSourcesBuildPhase;
			buildActionMask = 2147483647;
			files = (
				55E5DD681293329E00E36302 /* archive_check_magic.c in Sources */,
				55E5DD6B1293329E00E36302 /* archive_entry_copy_bhfi.c in Sources */,
				55E5DD6C1293329E00E36302 /* archive_entry_copy_stat.c in Sources */,
				55E5DD6D1293329E00E36302 /* archive_entry_link_resolver.c in Sources */,
				55E5DD6F1293329E00E36302 /* archive_entry_stat.c in Sources */,
				55E5DD701293329E00E36302 /* archive_entry_strmode.c in Sources */,
				55E5DD711293329E00E36302 /* archive_entry_xattr.c in Sources */,
				55E5DD721293329E00E36302 /* archive_entry.c in Sources */,
				55E5DD771293329E00E36302 /* archive_read_data_into_fd.c in Sources */,
				55E5DD781293329E00E36302 /* archive_read_disk_entry_from_file.c in Sources */,
				55E5DD7A1293329E00E36302 /* archive_read_disk_set_standard_lookup.c in Sources */,
				55E5DD7B1293329E00E36302 /* archive_read_disk.c in Sources */,
				55E5DD7C1293329E00E36302 /* archive_read_extract.c in Sources */,
				55E5DD7D1293329E00E36302 /* archive_read_open_fd.c in Sources */,
				55E5DD7E1293329E00E36302 /* archive_read_open_file.c in Sources */,
				55E5DD7F1293329E00E36302 /* archive_read_open_filename.c in Sources */,
				55E5DD801293329E00E36302 /* archive_read_open_memory.c in Sources */,
				55E5DD821293329E00E36302 /* archive_read_support_compression_all.c in Sources */,
				55E5DD831293329E00E36302 /* archive_read_support_compression_bzip2.c in Sources */,
				55E5DD841293329E00E36302 /* archive_read_support_compression_compress.c in Sources */,
				55E5DD851293329E00E36302 /* archive_read_support_compression_gzip.c in Sources */,
				55E5DD861293329E00E36302 /* archive_read_support_compression_none.c in Sources */,
				55E5DD871293329E00E36302 /* archive_read_support_compression_program.c in Sources */,
				55E5DD881293329E00E36302 /* archive_read_support_compression_rpm.c in Sources */,
				55E5DD891293329E00E36302 /* archive_read_support_compression_uu.c in Sources */,
				55E5DD8A1293329E00E36302 /* archive_read_support_compression_xz.c in Sources */,
				55E5DD8B1293329E00E36302 /* archive_read_support_format_all.c in Sources */,
				55E5DD8C1293329E00E36302 /* archive_read_support_format_ar.c in Sources */,
				55E5DD8D1293329E00E36302 /* archive_read_support_format_cpio.c in Sources */,
				55E5DD8E1293329E00E36302 /* archive_read_support_format_empty.c in Sources */,
				55E5DD8F1293329E00E36302 /* archive_read_support_format_iso9660.c in Sources */,
				55E5DD901293329E00E36302 /* archive_read_support_format_mtree.c in Sources */,
				55E5DD911293329E00E36302 /* archive_read_support_format_raw.c in Sources */,
				55E5DD921293329E00E36302 /* archive_read_support_format_tar.c in Sources */,
				55E5DD931293329E00E36302 /* archive_read_support_format_xar.c in Sources */,
				55E5DD941293329E00E36302 /* archive_read_support_format_zip.c in Sources */,
				55E5DD951293329E00E36302 /* archive_read.c in Sources */,
				55E5DD961293329E00E36302 /* archive_string_sprintf.c in Sources */,
				55E5DD971293329E00E36302 /* archive_string.c in Sources */,
				55E5DD991293329E00E36302 /* archive_util.c in Sources */,
				55E5DD9A1293329E00E36302 /* archive_virtual.c in Sources */,
				55E5DD9B1293329E00E36302 /* archive_windows.c in Sources */,
				55E5DD9E1293329E00E36302 /* archive_write_disk_set_standard_lookup.c in Sources */,
				55E5DD9F1293329E00E36302 /* archive_write_disk.c in Sources */,
				55E5DDA01293329E00E36302 /* archive_write_open_fd.c in Sources */,
				55E5DDA11293329E00E36302 /* archive_write_open_file.c in Sources */,
				55E5DDA21293329E00E36302 /* archive_write_open_filename.c in Sources */,
				55E5DDA31293329E00E36302 /* archive_write_open_memory.c in Sources */,
				55E5DDA51293329E00E36302 /* archive_write_set_compression_bzip2.c in Sources */,
				55E5DDA61293329E00E36302 /* archive_write_set_compression_compress.c in Sources */,
				55E5DDA71293329E00E36302 /* archive_write_set_compression_gzip.c in Sources */,
				55E5DDA81293329E00E36302 /* archive_write_set_compression_none.c in Sources */,
				55E5DDA91293329E00E36302 /* archive_write_set_compression_program.c in Sources */,
				55E5DDAA1293329E00E36302 /* archive_write_set_compression_xz.c in Sources */,
				55E5DDAB1293329E00E36302 /* archive_write_set_format_ar.c in Sources */,
				55E5DDAC1293329E00E36302 /* archive_write_set_format_by_name.c in Sources */,
				55E5DDAD1293329E00E36302 /* archive_write_set_format_cpio_newc.c in Sources */,
				55E5DDAE1293329E00E36302 /* archive_write_set_format_cpio.c in Sources */,
				55E5DDAF1293329E00E36302 /* archive_write_set_format_mtree.c in Sources */,
				55E5DDB01293329E00E36302 /* archive_write_set_format_pax.c in Sources */,
				55E5DDB11293329E00E36302 /* archive_write_set_format_shar.c in Sources */,
				55E5DDB21293329E00E36302 /* archive_write_set_format_ustar.c in Sources */,
				55E5DDB31293329E00E36302 /* archive_write_set_format_zip.c in Sources */,
				55E5DDB41293329E00E36302 /* archive_write_set_format.c in Sources */,
				55E5DDB51293329E00E36302 /* archive_write.c in Sources */,
				55E5DDB81293329E00E36302 /* filter_fork.c in Sources */,
				55E5DDC9129332EA00E36302 /* blocksort.c in Sources */,
				55E5DDCD129332EA00E36302 /* bzlib.c in Sources */,
				55E5DDCF129332EA00E36302 /* compress.c in Sources */,
				55E5DDD0129332EA00E36302 /* crctable.c in Sources */,
				55E5DDD1129332EA00E36302 /* decompress.c in Sources */,
				55E5DDD3129332EA00E36302 /* huffman.c in Sources */,
				55E5DDD5129332EA00E36302 /* randtable.c in Sources */,
			);
			runOnlyForDeploymentPostprocessing = 0;
		};
/* End PBXSourcesBuildPhase section */

/* Begin XCBuildConfiguration section */
		1DEB921F08733DC00010E9CD /* Debug */ = {
			isa = XCBuildConfiguration;
			buildSettings = {
				ALWAYS_SEARCH_USER_PATHS = NO;
				ARCHS = "$(ARCHS_STANDARD_32_BIT)";
				COPY_PHASE_STRIP = NO;
				DSTROOT = /tmp/arc.dst;
				GCC_DYNAMIC_NO_PIC = NO;
				GCC_MODEL_TUNING = G5;
				GCC_OPTIMIZATION_LEVEL = 0;
				GCC_PRECOMPILE_PREFIX_HEADER = YES;
				GCC_PREFIX_HEADER = arc_Prefix.pch;
				INSTALL_PATH = /usr/local/lib;
				PRODUCT_NAME = arc;
				SKIP_INSTALL = YES;
			};
			name = Debug;
		};
		1DEB922008733DC00010E9CD /* Release */ = {
			isa = XCBuildConfiguration;
			buildSettings = {
				ALWAYS_SEARCH_USER_PATHS = NO;
				ARCHS = "$(ARCHS_STANDARD_32_BIT)";
				DSTROOT = /tmp/arc.dst;
				GCC_MODEL_TUNING = G5;
				GCC_PRECOMPILE_PREFIX_HEADER = YES;
				GCC_PREFIX_HEADER = arc_Prefix.pch;
				INSTALL_PATH = /usr/local/lib;
				PRODUCT_NAME = arc;
				SKIP_INSTALL = YES;
			};
			name = Release;
		};
		1DEB922308733DC00010E9CD /* Debug */ = {
			isa = XCBuildConfiguration;
			buildSettings = {
				ARCHS = "$(ARCHS_STANDARD_32_BIT)";
				CONFIGURATION_BUILD_DIR = "$(BUILD_DIR)/$(CONFIGURATION)";
				GCC_C_LANGUAGE_STANDARD = c99;
				GCC_OPTIMIZATION_LEVEL = 0;
				GCC_WARN_ABOUT_RETURN_TYPE = YES;
				GCC_WARN_UNUSED_VARIABLE = YES;
				OTHER_CFLAGS = "-DPLATFORM_CONFIG_H=\\\"libarchive_custom_config.h\\\"";
				OTHER_LDFLAGS = "-ObjC";
				SDKROOT = iphoneos;
			};
			name = Debug;
		};
		1DEB922408733DC00010E9CD /* Release */ = {
			isa = XCBuildConfiguration;
			buildSettings = {
				ARCHS = "$(ARCHS_STANDARD_32_BIT)";
				CONFIGURATION_BUILD_DIR = "$(BUILD_DIR)/$(CONFIGURATION)";
				GCC_C_LANGUAGE_STANDARD = c99;
				GCC_WARN_ABOUT_RETURN_TYPE = YES;
				GCC_WARN_UNUSED_VARIABLE = YES;
				OTHER_CFLAGS = "-DPLATFORM_CONFIG_H=\\\"libarchive_custom_config.h\\\"";
				OTHER_LDFLAGS = "-ObjC";
				SDKROOT = iphoneos;
			};
			name = Release;
		};
		B313FADC173339AE00968E79 /* Debug */ = {
			isa = XCBuildConfiguration;
			buildSettings = {
				ALWAYS_SEARCH_USER_PATHS = NO;
				ARCHS = "$(NATIVE_ARCH_ACTUAL)";
				COPY_PHASE_STRIP = NO;
				DSTROOT = /tmp/arc.dst;
				GCC_DYNAMIC_NO_PIC = NO;
				GCC_MODEL_TUNING = G5;
				GCC_OPTIMIZATION_LEVEL = 0;
				GCC_PRECOMPILE_PREFIX_HEADER = YES;
				GCC_PREFIX_HEADER = arc_Prefix.pch;
				INSTALL_PATH = /usr/local/lib;
				PRODUCT_NAME = arcosx;
				SDKROOT = macosx;
				SKIP_INSTALL = YES;
			};
			name = Debug;
		};
		B313FADD173339AE00968E79 /* Release */ = {
			isa = XCBuildConfiguration;
			buildSettings = {
				ALWAYS_SEARCH_USER_PATHS = NO;
				ARCHS = "$(NATIVE_ARCH_ACTUAL)";
				DSTROOT = /tmp/arc.dst;
				GCC_MODEL_TUNING = G5;
				GCC_PRECOMPILE_PREFIX_HEADER = YES;
				GCC_PREFIX_HEADER = arc_Prefix.pch;
				INSTALL_PATH = /usr/local/lib;
				PRODUCT_NAME = arcosx;
				SDKROOT = macosx;
				SKIP_INSTALL = YES;
			};
			name = Release;
		};
/* End XCBuildConfiguration section */

/* Begin XCConfigurationList section */
		1DEB921E08733DC00010E9CD /* Build configuration list for PBXNativeTarget "arc" */ = {
			isa = XCConfigurationList;
			buildConfigurations = (
				1DEB921F08733DC00010E9CD /* Debug */,
				1DEB922008733DC00010E9CD /* Release */,
			);
			defaultConfigurationIsVisible = 0;
			defaultConfigurationName = Release;
		};
		1DEB922208733DC00010E9CD /* Build configuration list for PBXProject "arc" */ = {
			isa = XCConfigurationList;
			buildConfigurations = (
				1DEB922308733DC00010E9CD /* Debug */,
				1DEB922408733DC00010E9CD /* Release */,
			);
			defaultConfigurationIsVisible = 0;
			defaultConfigurationName = Release;
		};
		B313FADB173339AE00968E79 /* Build configuration list for PBXNativeTarget "arcosx" */ = {
			isa = XCConfigurationList;
			buildConfigurations = (
				B313FADC173339AE00968E79 /* Debug */,
				B313FADD173339AE00968E79 /* Release */,
			);
			defaultConfigurationIsVisible = 0;
			defaultConfigurationName = Release;
		};
/* End XCConfigurationList section */
	};
	rootObject = 0867D690FE84028FC02AAC07 /* Project object */;
}
